{
  "originHash" : "a88f628c7d64f13ef85b7d717413e7de36aea6b1aa11349883fbc2d8321a364e",
  "pins" : [
    {
      "identity" : "swift-ui-views-helper",
      "kind" : "remoteSourceControl",
      "location" : "https://github.com/saurabh1088/swift-ui-views-helper.git",
      "state" : {
        "branch" : "main",
        "revision" : "baf07e96dee6ab508af2421ee4b8f36cc20d8e6a"
      }
    }
  ],
  "version" : 3
}
