// !$*UTF8*$!
{
	archiveVersion = 1;
	classes = {
	};
	objectVersion = 77;
	objects = {

/* Begin PBXBuildFile section */
		B7E1C6872F27945D00170B1B /* SQLite in Frameworks */ = {isa = PBXBuildFile; productRef = B7E1C6862F27945D00170B1B /* SQLite */; };
/* End PBXBuildFile section */

/* Begin PBXContainerItemProxy section */
		B7E1C6672F278FE700170B1B /* PBXContainerItemProxy */ = {
			isa = PBXContainerItemProxy;
			containerPortal = B7E1C6512F278FE600170B1B /* Project object */;
			proxyType = 1;
			remoteGlobalIDString = B7E1C6582F278FE600170B1B;
			remoteInfo = LearningAppSQLiteSwiftUI;
		};
		B7E1C6712F278FE700170B1B /* PBXContainerItemProxy */ = {
			isa = PBXContainerItemProxy;
			containerPortal = B7E1C6512F278FE600170B1B /* Project object */;
			proxyType = 1;
			remoteGlobalIDString = B7E1C6582F278FE600170B1B;
			remoteInfo = LearningAppSQLiteSwiftUI;
		};
/* End PBXContainerItemProxy section */

/* Begin PBXFileReference section */
		B7E1C6592F278FE600170B1B /* LearningAppSQLiteSwiftUI.app */ = {isa = PBXFileReference; explicitFileType = wrapper.application; includeInIndex = 0; path = LearningAppSQLiteSwiftUI.app; sourceTree = BUILT_PRODUCTS_DIR; };
		B7E1C6662F278FE700170B1B /* LearningAppSQLiteSwiftUITests.xctest */ = {isa = PBXFileReference; explicitFileType = wrapper.cfbundle; includeInIndex = 0; path = LearningAppSQLiteSwiftUITests.xctest; sourceTree = BUILT_PRODUCTS_DIR; };
		B7E1C6702F278FE700170B1B /* LearningAppSQLiteSwiftUIUITests.xctest */ = {isa = PBXFileReference; explicitFileType = wrapper.cfbundle; includeInIndex = 0; path = LearningAppSQLiteSwiftUIUITests.xctest; sourceTree = BUILT_PRODUCTS_DIR; };
/* End PBXFileReference section */

/* Begin PBXFileSystemSynchronizedRootGroup section */
		B7E1C65B2F278FE600170B1B /* LearningAppSQLiteSwiftUI */ = {
			isa = PBXFileSystemSynchronizedRootGroup;
			path = LearningAppSQLiteSwiftUI;
			sourceTree = "<group>";
		};
		B7E1C6692F278FE700170B1B /* LearningAppSQLiteSwiftUITests */ = {
			isa = PBXFileSystemSynchronizedRootGroup;
			path = LearningAppSQLiteSwiftUITests;
			sourceTree = "<group>";
		};
		B7E1C6732F278FE700170B1B /* LearningAppSQLiteSwiftUIUITests */ = {
			isa = PBXFileSystemSynchronizedRootGroup;
			path = LearningAppSQLiteSwiftUIUITests;
			sourceTree = "<group>";
		};
/* End PBXFileSystemSynchronizedRootGroup section */

/* Begin PBXFrameworksBuildPhase section */
		B7E1C6562F278FE600170B1B /* Frameworks */ = {
			isa = PBXFrameworksBuildPhase;
			buildActionMask = 2147483647;
			files = (
				B7E1C6872F27945D00170B1B /* SQLite in Frameworks */,
			);
			runOnlyForDeploymentPostprocessing = 0;
		};
		B7E1C6632F278FE700170B1B /* Frameworks */ = {
			isa = PBXFrameworksBuildPhase;
			buildActionMask = 2147483647;
			files = (
			);
			runOnlyForDeploymentPostprocessing = 0;
		};
		B7E1C66D2F278FE700170B1B /* Frameworks */ = {
			isa = PBXFrameworksBuildPhase;
			buildActionMask = 2147483647;
			files = (
			);
			runOnlyForDeploymentPostprocessing = 0;
		};
/* End PBXFrameworksBuildPhase section */

/* Begin PBXGroup section */
		B7E1C6502F278FE600170B1B = {
			isa = PBXGroup;
			children = (
				B7E1C65B2F278FE600170B1B /* LearningAppSQLiteSwiftUI */,
				B7E1C6692F278FE700170B1B /* LearningAppSQLiteSwiftUITests */,
				B7E1C6732F278FE700170B1B /* LearningAppSQLiteSwiftUIUITests */,
				B7E1C65A2F278FE600170B1B /* Products */,
			);
			sourceTree = "<group>";
		};
		B7E1C65A2F278FE600170B1B /* Products */ = {
			isa = PBXGroup;
			children = (
				B7E1C6592F278FE600170B1B /* LearningAppSQLiteSwiftUI.app */,
				B7E1C6662F278FE700170B1B /* LearningAppSQLiteSwiftUITests.xctest */,
				B7E1C6702F278FE700170B1B /* LearningAppSQLiteSwiftUIUITests.xctest */,
			);
			name = Products;
			sourceTree = "<group>";
		};
/* End PBXGroup section */

/* Begin PBXNativeTarget section */
		B7E1C6582F278FE600170B1B /* LearningAppSQLiteSwiftUI */ = {
			isa = PBXNativeTarget;
			buildConfigurationList = B7E1C67A2F278FE700170B1B /* Build configuration list for PBXNativeTarget "LearningAppSQLiteSwiftUI" */;
			buildPhases = (
				B7E1C6552F278FE600170B1B /* Sources */,
				B7E1C6562F278FE600170B1B /* Frameworks */,
				B7E1C6572F278FE600170B1B /* Resources */,
			);
			buildRules = (
			);
			dependencies = (
			);
			fileSystemSynchronizedGroups = (
				B7E1C65B2F278FE600170B1B /* LearningAppSQLiteSwiftUI */,
			);
			name = LearningAppSQLiteSwiftUI;
			packageProductDependencies = (
				B7E1C6862F27945D00170B1B /* SQLite */,
			);
			productName = LearningAppSQLiteSwiftUI;
			productReference = B7E1C6592F278FE600170B1B /* LearningAppSQLiteSwiftUI.app */;
			productType = "com.apple.product-type.application";
		};
		B7E1C6652F278FE700170B1B /* LearningAppSQLiteSwiftUITests */ = {
			isa = PBXNativeTarget;
			buildConfigurationList = B7E1C67D2F278FE700170B1B /* Build configuration list for PBXNativeTarget "LearningAppSQLiteSwiftUITests" */;
			buildPhases = (
				B7E1C6622F278FE700170B1B /* Sources */,
				B7E1C6632F278FE700170B1B /* Frameworks */,
				B7E1C6642F278FE700170B1B /* Resources */,
			);
			buildRules = (
			);
			dependencies = (
				B7E1C6682F278FE700170B1B /* PBXTargetDependency */,
			);
			fileSystemSynchronizedGroups = (
				B7E1C6692F278FE700170B1B /* LearningAppSQLiteSwiftUITests */,
			);
			name = LearningAppSQLiteSwiftUITests;
			packageProductDependencies = (
			);
			productName = LearningAppSQLiteSwiftUITests;
			productReference = B7E1C6662F278FE700170B1B /* LearningAppSQLiteSwiftUITests.xctest */;
			productType = "com.apple.product-type.bundle.unit-test";
		};
		B7E1C66F2F278FE700170B1B /* LearningAppSQLiteSwiftUIUITests */ = {
			isa = PBXNativeTarget;
			buildConfigurationList = B7E1C6802F278FE700170B1B /* Build configuration list for PBXNativeTarget "LearningAppSQLiteSwiftUIUITests" */;
			buildPhases = (
				B7E1C66C2F278FE700170B1B /* Sources */,
				B7E1C66D2F278FE700170B1B /* Frameworks */,
				B7E1C66E2F278FE700170B1B /* Resources */,
			);
			buildRules = (
			);
			dependencies = (
				B7E1C6722F278FE700170B1B /* PBXTargetDependency */,
			);
			fileSystemSynchronizedGroups = (
				B7E1C6732F278FE700170B1B /* LearningAppSQLiteSwiftUIUITests */,
			);
			name = LearningAppSQLiteSwiftUIUITests;
			packageProductDependencies = (
			);
			productName = LearningAppSQLiteSwiftUIUITests;
			productReference = B7E1C6702F278FE700170B1B /* LearningAppSQLiteSwiftUIUITests.xctest */;
			productType = "com.apple.product-type.bundle.ui-testing";
		};
/* End PBXNativeTarget section */

/* Begin PBXProject section */
		B7E1C6512F278FE600170B1B /* Project object */ = {
			isa = PBXProject;
			attributes = {
				BuildIndependentTargetsInParallel = 1;
				LastSwiftUpdateCheck = 2600;
				LastUpgradeCheck = 2600;
				TargetAttributes = {
					B7E1C6582F278FE600170B1B = {
						CreatedOnToolsVersion = 26.0;
					};
					B7E1C6652F278FE700170B1B = {
						CreatedOnToolsVersion = 26.0;
						TestTargetID = B7E1C6582F278FE600170B1B;
					};
					B7E1C66F2F278FE700170B1B = {
						CreatedOnToolsVersion = 26.0;
						TestTargetID = B7E1C6582F278FE600170B1B;
					};
				};
			};
			buildConfigurationList = B7E1C6542F278FE600170B1B /* Build configuration list for PBXProject "LearningAppSQLiteSwiftUI" */;
			developmentRegion = en;
			hasScannedForEncodings = 0;
			knownRegions = (
				en,
				Base,
			);
			mainGroup = B7E1C6502F278FE600170B1B;
			minimizedProjectReferenceProxies = 1;
			packageReferences = (
				B7E1C6852F27945D00170B1B /* XCRemoteSwiftPackageReference "SQLite" */,
			);
			preferredProjectObjectVersion = 77;
			productRefGroup = B7E1C65A2F278FE600170B1B /* Products */;
			projectDirPath = "";
			projectRoot = "";
			targets = (
				B7E1C6582F278FE600170B1B /* LearningAppSQLiteSwiftUI */,
				B7E1C6652F278FE700170B1B /* LearningAppSQLiteSwiftUITests */,
				B7E1C66F2F278FE700170B1B /* LearningAppSQLiteSwiftUIUITests */,
			);
		};
/* End PBXProject section */

/* Begin PBXResourcesBuildPhase section */
		B7E1C6572F278FE600170B1B /* Resources */ = {
			isa = PBXResourcesBuildPhase;
			buildActionMask = 2147483647;
			files = (
			);
			runOnlyForDeploymentPostprocessing = 0;
		};
		B7E1C6642F278FE700170B1B /* Resources */ = {
			isa = PBXResourcesBuildPhase;
			buildActionMask = 2147483647;
			files = (
			);
			runOnlyForDeploymentPostprocessing = 0;
		};
		B7E1C66E2F278FE700170B1B /* Resources */ = {
			isa = PBXResourcesBuildPhase;
			buildActionMask = 2147483647;
			files = (
			);
			runOnlyForDeploymentPostprocessing = 0;
		};
/* End PBXResourcesBuildPhase section */

/* Begin PBXSourcesBuildPhase section */
		B7E1C6552F278FE600170B1B /* Sources */ = {
			isa = PBXSourcesBuildPhase;
			buildActionMask = 2147483647;
			files = (
			);
			runOnlyForDeploymentPostprocessing = 0;
		};
		B7E1C6622F278FE700170B1B /* Sources */ = {
			isa = PBXSourcesBuildPhase;
			buildActionMask = 2147483647;
			files = (
			);
			runOnlyForDeploymentPostprocessing = 0;
		};
		B7E1C66C2F278FE700170B1B /* Sources */ = {
			isa = PBXSourcesBuildPhase;
			buildActionMask = 2147483647;
			files = (
			);
			runOnlyForDeploymentPostprocessing = 0;
		};
/* End PBXSourcesBuildPhase section */

/* Begin PBXTargetDependency section */
		B7E1C6682F278FE700170B1B /* PBXTargetDependency */ = {
			isa = PBXTargetDependency;
			target = B7E1C6582F278FE600170B1B /* LearningAppSQLiteSwiftUI */;
			targetProxy = B7E1C6672F278FE700170B1B /* PBXContainerItemProxy */;
		};
		B7E1C6722F278FE700170B1B /* PBXTargetDependency */ = {
			isa = PBXTargetDependency;
			target = B7E1C6582F278FE600170B1B /* LearningAppSQLiteSwiftUI */;
			targetProxy = B7E1C6712F278FE700170B1B /* PBXContainerItemProxy */;
		};
/* End PBXTargetDependency section */

/* Begin XCBuildConfiguration section */
		B7E1C6782F278FE700170B1B /* Debug */ = {
			isa = XCBuildConfiguration;
			buildSettings = {
				ALWAYS_SEARCH_USER_PATHS = NO;
				ASSETCATALOG_COMPILER_GENERATE_SWIFT_ASSET_SYMBOL_EXTENSIONS = YES;
				CLANG_ANALYZER_NONNULL = YES;
				CLANG_ANALYZER_NUMBER_OBJECT_CONVERSION = YES_AGGRESSIVE;
				CLANG_CXX_LANGUAGE_STANDARD = "gnu++20";
				CLANG_ENABLE_MODULES = YES;
				CLANG_ENABLE_OBJC_ARC = YES;
				CLANG_ENABLE_OBJC_WEAK = YES;
				CLANG_WARN_BLOCK_CAPTURE_AUTORELEASING = YES;
				CLANG_WARN_BOOL_CONVERSION = YES;
				CLANG_WARN_COMMA = YES;
				CLANG_WARN_CONSTANT_CONVERSION = YES;
				CLANG_WARN_DEPRECATED_OBJC_IMPLEMENTATIONS = YES;
				CLANG_WARN_DIRECT_OBJC_ISA_USAGE = YES_ERROR;
				CLANG_WARN_DOCUMENTATION_COMMENTS = YES;
				CLANG_WARN_EMPTY_BODY = YES;
				CLANG_WARN_ENUM_CONVERSION = YES;
				CLANG_WARN_INFINITE_RECURSION = YES;
				CLANG_WARN_INT_CONVERSION = YES;
				CLANG_WARN_NON_LITERAL_NULL_CONVERSION = YES;
				CLANG_WARN_OBJC_IMPLICIT_RETAIN_SELF = YES;
				CLANG_WARN_OBJC_LITERAL_CONVERSION = YES;
				CLANG_WARN_OBJC_ROOT_CLASS = YES_ERROR;
				CLANG_WARN_QUOTED_INCLUDE_IN_FRAMEWORK_HEADER = YES;
				CLANG_WARN_RANGE_LOOP_ANALYSIS = YES;
				CLANG_WARN_STRICT_PROTOTYPES = YES;
				CLANG_WARN_SUSPICIOUS_MOVE = YES;
				CLANG_WARN_UNGUARDED_AVAILABILITY = YES_AGGRESSIVE;
				CLANG_WARN_UNREACHABLE_CODE = YES;
				CLANG_WARN__DUPLICATE_METHOD_MATCH = YES;
				COPY_PHASE_STRIP = NO;
				DEBUG_INFORMATION_FORMAT = dwarf;
				DEVELOPMENT_TEAM = E7LWH9PU9H;
				ENABLE_STRICT_OBJC_MSGSEND = YES;
				ENABLE_TESTABILITY = YES;
				ENABLE_USER_SCRIPT_SANDBOXING = YES;
				GCC_C_LANGUAGE_STANDARD = gnu17;
				GCC_DYNAMIC_NO_PIC = NO;
				GCC_NO_COMMON_BLOCKS = YES;
				GCC_OPTIMIZATION_LEVEL = 0;
				GCC_PREPROCESSOR_DEFINITIONS = (
					"DEBUG=1",
					"$(inherited)",
				);
				GCC_WARN_64_TO_32_BIT_CONVERSION = YES;
				GCC_WARN_ABOUT_RETURN_TYPE = YES_ERROR;
				GCC_WARN_UNDECLARED_SELECTOR = YES;
				GCC_WARN_UNINITIALIZED_AUTOS = YES_AGGRESSIVE;
				GCC_WARN_UNUSED_FUNCTION = YES;
				GCC_WARN_UNUSED_VARIABLE = YES;
				IPHONEOS_DEPLOYMENT_TARGET = 26.0;
				LOCALIZATION_PREFERS_STRING_CATALOGS = YES;
				MTL_ENABLE_DEBUG_INFO = INCLUDE_SOURCE;
				MTL_FAST_MATH = YES;
				ONLY_ACTIVE_ARCH = YES;
				SDKROOT = iphoneos;
				SWIFT_ACTIVE_COMPILATION_CONDITIONS = "DEBUG $(inherited)";
				SWIFT_OPTIMIZATION_LEVEL = "-Onone";
			};
			name = Debug;
		};
		B7E1C6792F278FE700170B1B /* Release */ = {
			isa = XCBuildConfiguration;
			buildSettings = {
				ALWAYS_SEARCH_USER_PATHS = NO;
				ASSETCATALOG_COMPILER_GENERATE_SWIFT_ASSET_SYMBOL_EXTENSIONS = YES;
				CLANG_ANALYZER_NONNULL = YES;
				CLANG_ANALYZER_NUMBER_OBJECT_CONVERSION = YES_AGGRESSIVE;
				CLANG_CXX_LANGUAGE_STANDARD = "gnu++20";
				CLANG_ENABLE_MODULES = YES;
				CLANG_ENABLE_OBJC_ARC = YES;
				CLANG_ENABLE_OBJC_WEAK = YES;
				CLANG_WARN_BLOCK_CAPTURE_AUTORELEASING = YES;
				CLANG_WARN_BOOL_CONVERSION = YES;
				CLANG_WARN_COMMA = YES;
				CLANG_WARN_CONSTANT_CONVERSION = YES;
				CLANG_WARN_DEPRECATED_OBJC_IMPLEMENTATIONS = YES;
				CLANG_WARN_DIRECT_OBJC_ISA_USAGE = YES_ERROR;
				CLANG_WARN_DOCUMENTATION_COMMENTS = YES;
				CLANG_WARN_EMPTY_BODY = YES;
				CLANG_WARN_ENUM_CONVERSION = YES;
				CLANG_WARN_INFINITE_RECURSION = YES;
				CLANG_WARN_INT_CONVERSION = YES;
				CLANG_WARN_NON_LITERAL_NULL_CONVERSION = YES;
				CLANG_WARN_OBJC_IMPLICIT_RETAIN_SELF = YES;
				CLANG_WARN_OBJC_LITERAL_CONVERSION = YES;
				CLANG_WARN_OBJC_ROOT_CLASS = YES_ERROR;
				CLANG_WARN_QUOTED_INCLUDE_IN_FRAMEWORK_HEADER = YES;
				CLANG_WARN_RANGE_LOOP_ANALYSIS = YES;
				CLANG_WARN_STRICT_PROTOTYPES = YES;
				CLANG_WARN_SUSPICIOUS_MOVE = YES;
				CLANG_WARN_UNGUARDED_AVAILABILITY = YES_AGGRESSIVE;
				CLANG_WARN_UNREACHABLE_CODE = YES;
				CLANG_WARN__DUPLICATE_METHOD_MATCH = YES;
				COPY_PHASE_STRIP = NO;
				DEBUG_INFORMATION_FORMAT = "dwarf-with-dsym";
				DEVELOPMENT_TEAM = E7LWH9PU9H;
				ENABLE_NS_ASSERTIONS = NO;
				ENABLE_STRICT_OBJC_MSGSEND = YES;
				ENABLE_USER_SCRIPT_SANDBOXING = YES;
				GCC_C_LANGUAGE_STANDARD = gnu17;
				GCC_NO_COMMON_BLOCKS = YES;
				GCC_WARN_64_TO_32_BIT_CONVERSION = YES;
				GCC_WARN_ABOUT_RETURN_TYPE = YES_ERROR;
				GCC_WARN_UNDECLARED_SELECTOR = YES;
				GCC_WARN_UNINITIALIZED_AUTOS = YES_AGGRESSIVE;
				GCC_WARN_UNUSED_FUNCTION = YES;
				GCC_WARN_UNUSED_VARIABLE = YES;
				IPHONEOS_DEPLOYMENT_TARGET = 26.0;
				LOCALIZATION_PREFERS_STRING_CATALOGS = YES;
				MTL_ENABLE_DEBUG_INFO = NO;
				MTL_FAST_MATH = YES;
				SDKROOT = iphoneos;
				SWIFT_COMPILATION_MODE = wholemodule;
				VALIDATE_PRODUCT = YES;
			};
			name = Release;
		};
		B7E1C67B2F278FE700170B1B /* Debug */ = {
			isa = XCBuildConfiguration;
			buildSettings = {
				ASSETCATALOG_COMPILER_APPICON_NAME = AppIcon;
				ASSETCATALOG_COMPILER_GLOBAL_ACCENT_COLOR_NAME = AccentColor;
				CODE_SIGN_STYLE = Automatic;
				CURRENT_PROJECT_VERSION = 1;
				DEVELOPMENT_TEAM = E7LWH9PU9H;
				ENABLE_PREVIEWS = YES;
				GENERATE_INFOPLIST_FILE = YES;
				INFOPLIST_KEY_UIApplicationSceneManifest_Generation = YES;
				INFOPLIST_KEY_UIApplicationSupportsIndirectInputEvents = YES;
				INFOPLIST_KEY_UILaunchScreen_Generation = YES;
				INFOPLIST_KEY_UISupportedInterfaceOrientations_iPad = "UIInterfaceOrientationPortrait UIInterfaceOrientationPortraitUpsideDown UIInterfaceOrientationLandscapeLeft UIInterfaceOrientationLandscapeRight";
				INFOPLIST_KEY_UISupportedInterfaceOrientations_iPhone = "UIInterfaceOrientationPortrait UIInterfaceOrientationLandscapeLeft UIInterfaceOrientationLandscapeRight";
				LD_RUNPATH_SEARCH_PATHS = (
					"$(inherited)",
					"@executable_path/Frameworks",
				);
				MARKETING_VERSION = 1.0;
				PRODUCT_BUNDLE_IDENTIFIER = com.saurabh.LearningAppSQLiteSwiftUI;
				PRODUCT_NAME = "$(TARGET_NAME)";
				STRING_CATALOG_GENERATE_SYMBOLS = YES;
				SWIFT_APPROACHABLE_CONCURRENCY = YES;
				SWIFT_DEFAULT_ACTOR_ISOLATION = MainActor;
				SWIFT_EMIT_LOC_STRINGS = YES;
				SWIFT_UPCOMING_FEATURE_MEMBER_IMPORT_VISIBILITY = YES;
				SWIFT_VERSION = 5.0;
				TARGETED_DEVICE_FAMILY = "1,2";
			};
			name = Debug;
		};
		B7E1C67C2F278FE700170B1B /* Release */ = {
			isa = XCBuildConfiguration;
			buildSettings = {
				ASSETCATALOG_COMPILER_APPICON_NAME = AppIcon;
				ASSETCATALOG_COMPILER_GLOBAL_ACCENT_COLOR_NAME = AccentColor;
				CODE_SIGN_STYLE = Automatic;
				CURRENT_PROJECT_VERSION = 1;
				DEVELOPMENT_TEAM = E7LWH9PU9H;
				ENABLE_PREVIEWS = YES;
				GENERATE_INFOPLIST_FILE = YES;
				INFOPLIST_KEY_UIApplicationSceneManifest_Generation = YES;
				INFOPLIST_KEY_UIApplicationSupportsIndirectInputEvents = YES;
				INFOPLIST_KEY_UILaunchScreen_Generation = YES;
				INFOPLIST_KEY_UISupportedInterfaceOrientations_iPad = "UIInterfaceOrientationPortrait UIInterfaceOrientationPortraitUpsideDown UIInterfaceOrientationLandscapeLeft UIInterfaceOrientationLandscapeRight";
				INFOPLIST_KEY_UISupportedInterfaceOrientations_iPhone = "UIInterfaceOrientationPortrait UIInterfaceOrientationLandscapeLeft UIInterfaceOrientationLandscapeRight";
				LD_RUNPATH_SEARCH_PATHS = (
					"$(inherited)",
					"@executable_path/Frameworks",
				);
				MARKETING_VERSION = 1.0;
				PRODUCT_BUNDLE_IDENTIFIER = com.saurabh.LearningAppSQLiteSwiftUI;
				PRODUCT_NAME = "$(TARGET_NAME)";
				STRING_CATALOG_GENERATE_SYMBOLS = YES;
				SWIFT_APPROACHABLE_CONCURRENCY = YES;
				SWIFT_DEFAULT_ACTOR_ISOLATION = MainActor;
				SWIFT_EMIT_LOC_STRINGS = YES;
				SWIFT_UPCOMING_FEATURE_MEMBER_IMPORT_VISIBILITY = YES;
				SWIFT_VERSION = 5.0;
				TARGETED_DEVICE_FAMILY = "1,2";
			};
			name = Release;
		};
		B7E1C67E2F278FE700170B1B /* Debug */ = {
			isa = XCBuildConfiguration;
			buildSettings = {
				BUNDLE_LOADER = "$(TEST_HOST)";
				CODE_SIGN_STYLE = Automatic;
				CURRENT_PROJECT_VERSION = 1;
				DEVELOPMENT_TEAM = E7LWH9PU9H;
				GENERATE_INFOPLIST_FILE = YES;
				IPHONEOS_DEPLOYMENT_TARGET = 26.0;
				MARKETING_VERSION = 1.0;
				PRODUCT_BUNDLE_IDENTIFIER = com.saurabh.LearningAppSQLiteSwiftUITests;
				PRODUCT_NAME = "$(TARGET_NAME)";
				STRING_CATALOG_GENERATE_SYMBOLS = NO;
				SWIFT_APPROACHABLE_CONCURRENCY = YES;
				SWIFT_EMIT_LOC_STRINGS = NO;
				SWIFT_UPCOMING_FEATURE_MEMBER_IMPORT_VISIBILITY = YES;
				SWIFT_VERSION = 5.0;
				TARGETED_DEVICE_FAMILY = "1,2";
				TEST_HOST = "$(BUILT_PRODUCTS_DIR)/LearningAppSQLiteSwiftUI.app/$(BUNDLE_EXECUTABLE_FOLDER_PATH)/LearningAppSQLiteSwiftUI";
			};
			name = Debug;
		};
		B7E1C67F2F278FE700170B1B /* Release */ = {
			isa = XCBuildConfiguration;
			buildSettings = {
				BUNDLE_LOADER = "$(TEST_HOST)";
				CODE_SIGN_STYLE = Automatic;
				CURRENT_PROJECT_VERSION = 1;
				DEVELOPMENT_TEAM = E7LWH9PU9H;
				GENERATE_INFOPLIST_FILE = YES;
				IPHONEOS_DEPLOYMENT_TARGET = 26.0;
				MARKETING_VERSION = 1.0;
				PRODUCT_BUNDLE_IDENTIFIER = com.saurabh.LearningAppSQLiteSwiftUITests;
				PRODUCT_NAME = "$(TARGET_NAME)";
				STRING_CATALOG_GENERATE_SYMBOLS = NO;
				SWIFT_APPROACHABLE_CONCURRENCY = YES;
				SWIFT_EMIT_LOC_STRINGS = NO;
				SWIFT_UPCOMING_FEATURE_MEMBER_IMPORT_VISIBILITY = YES;
				SWIFT_VERSION = 5.0;
				TARGETED_DEVICE_FAMILY = "1,2";
				TEST_HOST = "$(BUILT_PRODUCTS_DIR)/LearningAppSQLiteSwiftUI.app/$(BUNDLE_EXECUTABLE_FOLDER_PATH)/LearningAppSQLiteSwiftUI";
			};
			name = Release;
		};
		B7E1C6812F278FE700170B1B /* Debug */ = {
			isa = XCBuildConfiguration;
			buildSettings = {
				CODE_SIGN_STYLE = Automatic;
				CURRENT_PROJECT_VERSION = 1;
				DEVELOPMENT_TEAM = E7LWH9PU9H;
				GENERATE_INFOPLIST_FILE = YES;
				MARKETING_VERSION = 1.0;
				PRODUCT_BUNDLE_IDENTIFIER = com.saurabh.LearningAppSQLiteSwiftUIUITests;
				PRODUCT_NAME = "$(TARGET_NAME)";
				STRING_CATALOG_GENERATE_SYMBOLS = NO;
				SWIFT_APPROACHABLE_CONCURRENCY = YES;
				SWIFT_EMIT_LOC_STRINGS = NO;
				SWIFT_UPCOMING_FEATURE_MEMBER_IMPORT_VISIBILITY = YES;
				SWIFT_VERSION = 5.0;
				TARGETED_DEVICE_FAMILY = "1,2";
				TEST_TARGET_NAME = LearningAppSQLiteSwiftUI;
			};
			name = Debug;
		};
		B7E1C6822F278FE700170B1B /* Release */ = {
			isa = XCBuildConfiguration;
			buildSettings = {
				CODE_SIGN_STYLE = Automatic;
				CURRENT_PROJECT_VERSION = 1;
				DEVELOPMENT_TEAM = E7LWH9PU9H;
				GENERATE_INFOPLIST_FILE = YES;
				MARKETING_VERSION = 1.0;
				PRODUCT_BUNDLE_IDENTIFIER = com.saurabh.LearningAppSQLiteSwiftUIUITests;
				PRODUCT_NAME = "$(TARGET_NAME)";
				STRING_CATALOG_GENERATE_SYMBOLS = NO;
				SWIFT_APPROACHABLE_CONCURRENCY = YES;
				SWIFT_EMIT_LOC_STRINGS = NO;
				SWIFT_UPCOMING_FEATURE_MEMBER_IMPORT_VISIBILITY = YES;
				SWIFT_VERSION = 5.0;
				TARGETED_DEVICE_FAMILY = "1,2";
				TEST_TARGET_NAME = LearningAppSQLiteSwiftUI;
			};
			name = Release;
		};
/* End XCBuildConfiguration section */

/* Begin XCConfigurationList section */
		B7E1C6542F278FE600170B1B /* Build configuration list for PBXProject "LearningAppSQLiteSwiftUI" */ = {
			isa = XCConfigurationList;
			buildConfigurations = (
				B7E1C6782F278FE700170B1B /* Debug */,
				B7E1C6792F278FE700170B1B /* Release */,
			);
			defaultConfigurationIsVisible = 0;
			defaultConfigurationName = Release;
		};
		B7E1C67A2F278FE700170B1B /* Build configuration list for PBXNativeTarget "LearningAppSQLiteSwiftUI" */ = {
			isa = XCConfigurationList;
			buildConfigurations = (
				B7E1C67B2F278FE700170B1B /* Debug */,
				B7E1C67C2F278FE700170B1B /* Release */,
			);
			defaultConfigurationIsVisible = 0;
			defaultConfigurationName = Release;
		};
		B7E1C67D2F278FE700170B1B /* Build configuration list for PBXNativeTarget "LearningAppSQLiteSwiftUITests" */ = {
			isa = XCConfigurationList;
			buildConfigurations = (
				B7E1C67E2F278FE700170B1B /* Debug */,
				B7E1C67F2F278FE700170B1B /* Release */,
			);
			defaultConfigurationIsVisible = 0;
			defaultConfigurationName = Release;
		};
		B7E1C6802F278FE700170B1B /* Build configuration list for PBXNativeTarget "LearningAppSQLiteSwiftUIUITests" */ = {
			isa = XCConfigurationList;
			buildConfigurations = (
				B7E1C6812F278FE700170B1B /* Debug */,
				B7E1C6822F278FE700170B1B /* Release */,
			);
			defaultConfigurationIsVisible = 0;
			defaultConfigurationName = Release;
		};
/* End XCConfigurationList section */

/* Begin XCRemoteSwiftPackageReference section */
		B7E1C6852F27945D00170B1B /* XCRemoteSwiftPackageReference "SQLite" */ = {
			isa = XCRemoteSwiftPackageReference;
			repositoryURL = "https://github.com/stephencelis/SQLite.swift";
			requirement = {
				kind = upToNextMajorVersion;
				minimumVersion = 0.15.5;
			};
		};
/* End XCRemoteSwiftPackageReference section */

/* Begin XCSwiftPackageProductDependency section */
		B7E1C6862F27945D00170B1B /* SQLite */ = {
			isa = XCSwiftPackageProductDependency;
			package = B7E1C6852F27945D00170B1B /* XCRemoteSwiftPackageReference "SQLite" */;
			productName = SQLite;
		};
/* End XCSwiftPackageProductDependency section */
	};
	rootObject = B7E1C6512F278FE600170B1B /* Project object */;
}
