// !$*UTF8*$!
{
	archiveVersion = 1;
	classes = {
	};
	objectVersion = 56;
	objects = {

/* Begin PBXBuildFile section */
		B74B44352C1FD687005B12B9 /* JusticeLeagueTests.swift in Sources */ = {isa = PBXBuildFile; fileRef = B74B44342C1FD687005B12B9 /* JusticeLeagueTests.swift */; };
		B74B44372C1FD7FA005B12B9 /* AvengerTests.swift in Sources */ = {isa = PBXBuildFile; fileRef = B74B44362C1FD7FA005B12B9 /* AvengerTests.swift */; };
		B7F3791F2C1DFE12009C597E /* LearningAppStoragesSwiftUIApp.swift in Sources */ = {isa = PBXBuildFile; fileRef = B7F3791E2C1DFE12009C597E /* LearningAppStoragesSwiftUIApp.swift */; };
		B7F379212C1DFE12009C597E /* ContentView.swift in Sources */ = {isa = PBXBuildFile; fileRef = B7F379202C1DFE12009C597E /* ContentView.swift */; };
		B7F379232C1DFE13009C597E /* Assets.xcassets in Resources */ = {isa = PBXBuildFile; fileRef = B7F379222C1DFE13009C597E /* Assets.xcassets */; };
		B7F379262C1DFE13009C597E /* Preview Assets.xcassets in Resources */ = {isa = PBXBuildFile; fileRef = B7F379252C1DFE13009C597E /* Preview Assets.xcassets */; };
		B7F379302C1DFE13009C597E /* LearningAppStoragesSwiftUITests.swift in Sources */ = {isa = PBXBuildFile; fileRef = B7F3792F2C1DFE13009C597E /* LearningAppStoragesSwiftUITests.swift */; };
		B7F3793A2C1DFE13009C597E /* LearningAppStoragesSwiftUIUITests.swift in Sources */ = {isa = PBXBuildFile; fileRef = B7F379392C1DFE13009C597E /* LearningAppStoragesSwiftUIUITests.swift */; };
		B7F3793C2C1DFE13009C597E /* LearningAppStoragesSwiftUIUITestsLaunchTests.swift in Sources */ = {isa = PBXBuildFile; fileRef = B7F3793B2C1DFE13009C597E /* LearningAppStoragesSwiftUIUITestsLaunchTests.swift */; };
		B7F379492C1E0B4F009C597E /* AppThemeSelectionView.swift in Sources */ = {isa = PBXBuildFile; fileRef = B7F379482C1E0B4F009C597E /* AppThemeSelectionView.swift */; };
		B7F3794B2C1E765B009C597E /* Theme.swift in Sources */ = {isa = PBXBuildFile; fileRef = B7F3794A2C1E765B009C597E /* Theme.swift */; };
		B7F3794D2C1E7A0E009C597E /* TeamsView.swift in Sources */ = {isa = PBXBuildFile; fileRef = B7F3794C2C1E7A0E009C597E /* TeamsView.swift */; };
		B7F3794F2C1EB76A009C597E /* JusticeLeagueView.swift in Sources */ = {isa = PBXBuildFile; fileRef = B7F3794E2C1EB76A009C597E /* JusticeLeagueView.swift */; };
		B7F379512C1EB780009C597E /* AvengersView.swift in Sources */ = {isa = PBXBuildFile; fileRef = B7F379502C1EB780009C597E /* AvengersView.swift */; };
		B7F379532C1EE2A5009C597E /* Hero.swift in Sources */ = {isa = PBXBuildFile; fileRef = B7F379522C1EE2A5009C597E /* Hero.swift */; };
		B7F379552C1F3B5F009C597E /* ThemeTests.swift in Sources */ = {isa = PBXBuildFile; fileRef = B7F379542C1F3B5F009C597E /* ThemeTests.swift */; };
/* End PBXBuildFile section */

/* Begin PBXContainerItemProxy section */
		B7F3792C2C1DFE13009C597E /* PBXContainerItemProxy */ = {
			isa = PBXContainerItemProxy;
			containerPortal = B7F379132C1DFE12009C597E /* Project object */;
			proxyType = 1;
			remoteGlobalIDString = B7F3791A2C1DFE12009C597E;
			remoteInfo = LearningAppStoragesSwiftUI;
		};
		B7F379362C1DFE13009C597E /* PBXContainerItemProxy */ = {
			isa = PBXContainerItemProxy;
			containerPortal = B7F379132C1DFE12009C597E /* Project object */;
			proxyType = 1;
			remoteGlobalIDString = B7F3791A2C1DFE12009C597E;
			remoteInfo = LearningAppStoragesSwiftUI;
		};
/* End PBXContainerItemProxy section */

/* Begin PBXFileReference section */
		B74B44342C1FD687005B12B9 /* JusticeLeagueTests.swift */ = {isa = PBXFileReference; lastKnownFileType = sourcecode.swift; path = JusticeLeagueTests.swift; sourceTree = "<group>"; };
		B74B44362C1FD7FA005B12B9 /* AvengerTests.swift */ = {isa = PBXFileReference; lastKnownFileType = sourcecode.swift; path = AvengerTests.swift; sourceTree = "<group>"; };
		B7F3791B2C1DFE12009C597E /* LearningAppStoragesSwiftUI.app */ = {isa = PBXFileReference; explicitFileType = wrapper.application; includeInIndex = 0; path = LearningAppStoragesSwiftUI.app; sourceTree = BUILT_PRODUCTS_DIR; };
		B7F3791E2C1DFE12009C597E /* LearningAppStoragesSwiftUIApp.swift */ = {isa = PBXFileReference; lastKnownFileType = sourcecode.swift; path = LearningAppStoragesSwiftUIApp.swift; sourceTree = "<group>"; };
		B7F379202C1DFE12009C597E /* ContentView.swift */ = {isa = PBXFileReference; lastKnownFileType = sourcecode.swift; path = ContentView.swift; sourceTree = "<group>"; };
		B7F379222C1DFE13009C597E /* Assets.xcassets */ = {isa = PBXFileReference; lastKnownFileType = folder.assetcatalog; path = Assets.xcassets; sourceTree = "<group>"; };
		B7F379252C1DFE13009C597E /* Preview Assets.xcassets */ = {isa = PBXFileReference; lastKnownFileType = folder.assetcatalog; path = "Preview Assets.xcassets"; sourceTree = "<group>"; };
		B7F3792B2C1DFE13009C597E /* LearningAppStoragesSwiftUITests.xctest */ = {isa = PBXFileReference; explicitFileType = wrapper.cfbundle; includeInIndex = 0; path = LearningAppStoragesSwiftUITests.xctest; sourceTree = BUILT_PRODUCTS_DIR; };
		B7F3792F2C1DFE13009C597E /* LearningAppStoragesSwiftUITests.swift */ = {isa = PBXFileReference; lastKnownFileType = sourcecode.swift; path = LearningAppStoragesSwiftUITests.swift; sourceTree = "<group>"; };
		B7F379352C1DFE13009C597E /* LearningAppStoragesSwiftUIUITests.xctest */ = {isa = PBXFileReference; explicitFileType = wrapper.cfbundle; includeInIndex = 0; path = LearningAppStoragesSwiftUIUITests.xctest; sourceTree = BUILT_PRODUCTS_DIR; };
		B7F379392C1DFE13009C597E /* LearningAppStoragesSwiftUIUITests.swift */ = {isa = PBXFileReference; lastKnownFileType = sourcecode.swift; path = LearningAppStoragesSwiftUIUITests.swift; sourceTree = "<group>"; };
		B7F3793B2C1DFE13009C597E /* LearningAppStoragesSwiftUIUITestsLaunchTests.swift */ = {isa = PBXFileReference; lastKnownFileType = sourcecode.swift; path = LearningAppStoragesSwiftUIUITestsLaunchTests.swift; sourceTree = "<group>"; };
		B7F379482C1E0B4F009C597E /* AppThemeSelectionView.swift */ = {isa = PBXFileReference; lastKnownFileType = sourcecode.swift; path = AppThemeSelectionView.swift; sourceTree = "<group>"; };
		B7F3794A2C1E765B009C597E /* Theme.swift */ = {isa = PBXFileReference; lastKnownFileType = sourcecode.swift; path = Theme.swift; sourceTree = "<group>"; };
		B7F3794C2C1E7A0E009C597E /* TeamsView.swift */ = {isa = PBXFileReference; lastKnownFileType = sourcecode.swift; path = TeamsView.swift; sourceTree = "<group>"; };
		B7F3794E2C1EB76A009C597E /* JusticeLeagueView.swift */ = {isa = PBXFileReference; lastKnownFileType = sourcecode.swift; path = JusticeLeagueView.swift; sourceTree = "<group>"; };
		B7F379502C1EB780009C597E /* AvengersView.swift */ = {isa = PBXFileReference; lastKnownFileType = sourcecode.swift; path = AvengersView.swift; sourceTree = "<group>"; };
		B7F379522C1EE2A5009C597E /* Hero.swift */ = {isa = PBXFileReference; lastKnownFileType = sourcecode.swift; path = Hero.swift; sourceTree = "<group>"; };
		B7F379542C1F3B5F009C597E /* ThemeTests.swift */ = {isa = PBXFileReference; lastKnownFileType = sourcecode.swift; path = ThemeTests.swift; sourceTree = "<group>"; };
/* End PBXFileReference section */

/* Begin PBXFrameworksBuildPhase section */
		B7F379182C1DFE12009C597E /* Frameworks */ = {
			isa = PBXFrameworksBuildPhase;
			buildActionMask = 2147483647;
			files = (
			);
			runOnlyForDeploymentPostprocessing = 0;
		};
		B7F379282C1DFE13009C597E /* Frameworks */ = {
			isa = PBXFrameworksBuildPhase;
			buildActionMask = 2147483647;
			files = (
			);
			runOnlyForDeploymentPostprocessing = 0;
		};
		B7F379322C1DFE13009C597E /* Frameworks */ = {
			isa = PBXFrameworksBuildPhase;
			buildActionMask = 2147483647;
			files = (
			);
			runOnlyForDeploymentPostprocessing = 0;
		};
/* End PBXFrameworksBuildPhase section */

/* Begin PBXGroup section */
		B74B44332C1FD659005B12B9 /* Enums */ = {
			isa = PBXGroup;
			children = (
				B7F3794A2C1E765B009C597E /* Theme.swift */,
				B7F379522C1EE2A5009C597E /* Hero.swift */,
			);
			path = Enums;
			sourceTree = "<group>";
		};
		B7F379122C1DFE12009C597E = {
			isa = PBXGroup;
			children = (
				B7F3791D2C1DFE12009C597E /* LearningAppStoragesSwiftUI */,
				B7F3792E2C1DFE13009C597E /* LearningAppStoragesSwiftUITests */,
				B7F379382C1DFE13009C597E /* LearningAppStoragesSwiftUIUITests */,
				B7F3791C2C1DFE12009C597E /* Products */,
			);
			sourceTree = "<group>";
		};
		B7F3791C2C1DFE12009C597E /* Products */ = {
			isa = PBXGroup;
			children = (
				B7F3791B2C1DFE12009C597E /* LearningAppStoragesSwiftUI.app */,
				B7F3792B2C1DFE13009C597E /* LearningAppStoragesSwiftUITests.xctest */,
				B7F379352C1DFE13009C597E /* LearningAppStoragesSwiftUIUITests.xctest */,
			);
			name = Products;
			sourceTree = "<group>";
		};
		B7F3791D2C1DFE12009C597E /* LearningAppStoragesSwiftUI */ = {
			isa = PBXGroup;
			children = (
				B74B44332C1FD659005B12B9 /* Enums */,
				B7F3791E2C1DFE12009C597E /* LearningAppStoragesSwiftUIApp.swift */,
				B7F379202C1DFE12009C597E /* ContentView.swift */,
				B7F379222C1DFE13009C597E /* Assets.xcassets */,
				B7F379242C1DFE13009C597E /* Preview Content */,
				B7F379482C1E0B4F009C597E /* AppThemeSelectionView.swift */,
				B7F3794C2C1E7A0E009C597E /* TeamsView.swift */,
				B7F3794E2C1EB76A009C597E /* JusticeLeagueView.swift */,
				B7F379502C1EB780009C597E /* AvengersView.swift */,
			);
			path = LearningAppStoragesSwiftUI;
			sourceTree = "<group>";
		};
		B7F379242C1DFE13009C597E /* Preview Content */ = {
			isa = PBXGroup;
			children = (
				B7F379252C1DFE13009C597E /* Preview Assets.xcassets */,
			);
			path = "Preview Content";
			sourceTree = "<group>";
		};
		B7F3792E2C1DFE13009C597E /* LearningAppStoragesSwiftUITests */ = {
			isa = PBXGroup;
			children = (
				B74B44362C1FD7FA005B12B9 /* AvengerTests.swift */,
				B74B44342C1FD687005B12B9 /* JusticeLeagueTests.swift */,
				B7F3792F2C1DFE13009C597E /* LearningAppStoragesSwiftUITests.swift */,
				B7F379542C1F3B5F009C597E /* ThemeTests.swift */,
			);
			path = LearningAppStoragesSwiftUITests;
			sourceTree = "<group>";
		};
		B7F379382C1DFE13009C597E /* LearningAppStoragesSwiftUIUITests */ = {
			isa = PBXGroup;
			children = (
				B7F379392C1DFE13009C597E /* LearningAppStoragesSwiftUIUITests.swift */,
				B7F3793B2C1DFE13009C597E /* LearningAppStoragesSwiftUIUITestsLaunchTests.swift */,
			);
			path = LearningAppStoragesSwiftUIUITests;
			sourceTree = "<group>";
		};
/* End PBXGroup section */

/* Begin PBXNativeTarget section */
		B7F3791A2C1DFE12009C597E /* LearningAppStoragesSwiftUI */ = {
			isa = PBXNativeTarget;
			buildConfigurationList = B7F3793F2C1DFE13009C597E /* Build configuration list for PBXNativeTarget "LearningAppStoragesSwiftUI" */;
			buildPhases = (
				B7F379172C1DFE12009C597E /* Sources */,
				B7F379182C1DFE12009C597E /* Frameworks */,
				B7F379192C1DFE12009C597E /* Resources */,
			);
			buildRules = (
			);
			dependencies = (
			);
			name = LearningAppStoragesSwiftUI;
			productName = LearningAppStoragesSwiftUI;
			productReference = B7F3791B2C1DFE12009C597E /* LearningAppStoragesSwiftUI.app */;
			productType = "com.apple.product-type.application";
		};
		B7F3792A2C1DFE13009C597E /* LearningAppStoragesSwiftUITests */ = {
			isa = PBXNativeTarget;
			buildConfigurationList = B7F379422C1DFE13009C597E /* Build configuration list for PBXNativeTarget "LearningAppStoragesSwiftUITests" */;
			buildPhases = (
				B7F379272C1DFE13009C597E /* Sources */,
				B7F379282C1DFE13009C597E /* Frameworks */,
				B7F379292C1DFE13009C597E /* Resources */,
			);
			buildRules = (
			);
			dependencies = (
				B7F3792D2C1DFE13009C597E /* PBXTargetDependency */,
			);
			name = LearningAppStoragesSwiftUITests;
			productName = LearningAppStoragesSwiftUITests;
			productReference = B7F3792B2C1DFE13009C597E /* LearningAppStoragesSwiftUITests.xctest */;
			productType = "com.apple.product-type.bundle.unit-test";
		};
		B7F379342C1DFE13009C597E /* LearningAppStoragesSwiftUIUITests */ = {
			isa = PBXNativeTarget;
			buildConfigurationList = B7F379452C1DFE13009C597E /* Build configuration list for PBXNativeTarget "LearningAppStoragesSwiftUIUITests" */;
			buildPhases = (
				B7F379312C1DFE13009C597E /* Sources */,
				B7F379322C1DFE13009C597E /* Frameworks */,
				B7F379332C1DFE13009C597E /* Resources */,
			);
			buildRules = (
			);
			dependencies = (
				B7F379372C1DFE13009C597E /* PBXTargetDependency */,
			);
			name = LearningAppStoragesSwiftUIUITests;
			productName = LearningAppStoragesSwiftUIUITests;
			productReference = B7F379352C1DFE13009C597E /* LearningAppStoragesSwiftUIUITests.xctest */;
			productType = "com.apple.product-type.bundle.ui-testing";
		};
/* End PBXNativeTarget section */

/* Begin PBXProject section */
		B7F379132C1DFE12009C597E /* Project object */ = {
			isa = PBXProject;
			attributes = {
				BuildIndependentTargetsInParallel = 1;
				LastSwiftUpdateCheck = 1530;
				LastUpgradeCheck = 1530;
				TargetAttributes = {
					B7F3791A2C1DFE12009C597E = {
						CreatedOnToolsVersion = 15.3;
					};
					B7F3792A2C1DFE13009C597E = {
						CreatedOnToolsVersion = 15.3;
						TestTargetID = B7F3791A2C1DFE12009C597E;
					};
					B7F379342C1DFE13009C597E = {
						CreatedOnToolsVersion = 15.3;
						TestTargetID = B7F3791A2C1DFE12009C597E;
					};
				};
			};
			buildConfigurationList = B7F379162C1DFE12009C597E /* Build configuration list for PBXProject "LearningAppStoragesSwiftUI" */;
			compatibilityVersion = "Xcode 14.0";
			developmentRegion = en;
			hasScannedForEncodings = 0;
			knownRegions = (
				en,
				Base,
			);
			mainGroup = B7F379122C1DFE12009C597E;
			productRefGroup = B7F3791C2C1DFE12009C597E /* Products */;
			projectDirPath = "";
			projectRoot = "";
			targets = (
				B7F3791A2C1DFE12009C597E /* LearningAppStoragesSwiftUI */,
				B7F3792A2C1DFE13009C597E /* LearningAppStoragesSwiftUITests */,
				B7F379342C1DFE13009C597E /* LearningAppStoragesSwiftUIUITests */,
			);
		};
/* End PBXProject section */

/* Begin PBXResourcesBuildPhase section */
		B7F379192C1DFE12009C597E /* Resources */ = {
			isa = PBXResourcesBuildPhase;
			buildActionMask = 2147483647;
			files = (
				B7F379262C1DFE13009C597E /* Preview Assets.xcassets in Resources */,
				B7F379232C1DFE13009C597E /* Assets.xcassets in Resources */,
			);
			runOnlyForDeploymentPostprocessing = 0;
		};
		B7F379292C1DFE13009C597E /* Resources */ = {
			isa = PBXResourcesBuildPhase;
			buildActionMask = 2147483647;
			files = (
			);
			runOnlyForDeploymentPostprocessing = 0;
		};
		B7F379332C1DFE13009C597E /* Resources */ = {
			isa = PBXResourcesBuildPhase;
			buildActionMask = 2147483647;
			files = (
			);
			runOnlyForDeploymentPostprocessing = 0;
		};
/* End PBXResourcesBuildPhase section */

/* Begin PBXSourcesBuildPhase section */
		B7F379172C1DFE12009C597E /* Sources */ = {
			isa = PBXSourcesBuildPhase;
			buildActionMask = 2147483647;
			files = (
				B7F379212C1DFE12009C597E /* ContentView.swift in Sources */,
				B7F3794F2C1EB76A009C597E /* JusticeLeagueView.swift in Sources */,
				B7F3794B2C1E765B009C597E /* Theme.swift in Sources */,
				B7F379532C1EE2A5009C597E /* Hero.swift in Sources */,
				B7F3791F2C1DFE12009C597E /* LearningAppStoragesSwiftUIApp.swift in Sources */,
				B7F3794D2C1E7A0E009C597E /* TeamsView.swift in Sources */,
				B7F379512C1EB780009C597E /* AvengersView.swift in Sources */,
				B7F379492C1E0B4F009C597E /* AppThemeSelectionView.swift in Sources */,
			);
			runOnlyForDeploymentPostprocessing = 0;
		};
		B7F379272C1DFE13009C597E /* Sources */ = {
			isa = PBXSourcesBuildPhase;
			buildActionMask = 2147483647;
			files = (
				B74B44372C1FD7FA005B12B9 /* AvengerTests.swift in Sources */,
				B7F379302C1DFE13009C597E /* LearningAppStoragesSwiftUITests.swift in Sources */,
				B7F379552C1F3B5F009C597E /* ThemeTests.swift in Sources */,
				B74B44352C1FD687005B12B9 /* JusticeLeagueTests.swift in Sources */,
			);
			runOnlyForDeploymentPostprocessing = 0;
		};
		B7F379312C1DFE13009C597E /* Sources */ = {
			isa = PBXSourcesBuildPhase;
			buildActionMask = 2147483647;
			files = (
				B7F3793C2C1DFE13009C597E /* LearningAppStoragesSwiftUIUITestsLaunchTests.swift in Sources */,
				B7F3793A2C1DFE13009C597E /* LearningAppStoragesSwiftUIUITests.swift in Sources */,
			);
			runOnlyForDeploymentPostprocessing = 0;
		};
/* End PBXSourcesBuildPhase section */

/* Begin PBXTargetDependency section */
		B7F3792D2C1DFE13009C597E /* PBXTargetDependency */ = {
			isa = PBXTargetDependency;
			target = B7F3791A2C1DFE12009C597E /* LearningAppStoragesSwiftUI */;
			targetProxy = B7F3792C2C1DFE13009C597E /* PBXContainerItemProxy */;
		};
		B7F379372C1DFE13009C597E /* PBXTargetDependency */ = {
			isa = PBXTargetDependency;
			target = B7F3791A2C1DFE12009C597E /* LearningAppStoragesSwiftUI */;
			targetProxy = B7F379362C1DFE13009C597E /* PBXContainerItemProxy */;
		};
/* End PBXTargetDependency section */

/* Begin XCBuildConfiguration section */
		B7F3793D2C1DFE13009C597E /* Debug */ = {
			isa = XCBuildConfiguration;
			buildSettings = {
				ALWAYS_SEARCH_USER_PATHS = NO;
				ASSETCATALOG_COMPILER_GENERATE_SWIFT_ASSET_SYMBOL_EXTENSIONS = YES;
				CLANG_ANALYZER_NONNULL = YES;
				CLANG_ANALYZER_NUMBER_OBJECT_CONVERSION = YES_AGGRESSIVE;
				CLANG_CXX_LANGUAGE_STANDARD = "gnu++20";
				CLANG_ENABLE_MODULES = YES;
				CLANG_ENABLE_OBJC_ARC = YES;
				CLANG_ENABLE_OBJC_WEAK = YES;
				CLANG_WARN_BLOCK_CAPTURE_AUTORELEASING = YES;
				CLANG_WARN_BOOL_CONVERSION = YES;
				CLANG_WARN_COMMA = YES;
				CLANG_WARN_CONSTANT_CONVERSION = YES;
				CLANG_WARN_DEPRECATED_OBJC_IMPLEMENTATIONS = YES;
				CLANG_WARN_DIRECT_OBJC_ISA_USAGE = YES_ERROR;
				CLANG_WARN_DOCUMENTATION_COMMENTS = YES;
				CLANG_WARN_EMPTY_BODY = YES;
				CLANG_WARN_ENUM_CONVERSION = YES;
				CLANG_WARN_INFINITE_RECURSION = YES;
				CLANG_WARN_INT_CONVERSION = YES;
				CLANG_WARN_NON_LITERAL_NULL_CONVERSION = YES;
				CLANG_WARN_OBJC_IMPLICIT_RETAIN_SELF = YES;
				CLANG_WARN_OBJC_LITERAL_CONVERSION = YES;
				CLANG_WARN_OBJC_ROOT_CLASS = YES_ERROR;
				CLANG_WARN_QUOTED_INCLUDE_IN_FRAMEWORK_HEADER = YES;
				CLANG_WARN_RANGE_LOOP_ANALYSIS = YES;
				CLANG_WARN_STRICT_PROTOTYPES = YES;
				CLANG_WARN_SUSPICIOUS_MOVE = YES;
				CLANG_WARN_UNGUARDED_AVAILABILITY = YES_AGGRESSIVE;
				CLANG_WARN_UNREACHABLE_CODE = YES;
				CLANG_WARN__DUPLICATE_METHOD_MATCH = YES;
				COPY_PHASE_STRIP = NO;
				DEBUG_INFORMATION_FORMAT = dwarf;
				ENABLE_STRICT_OBJC_MSGSEND = YES;
				ENABLE_TESTABILITY = YES;
				ENABLE_USER_SCRIPT_SANDBOXING = YES;
				GCC_C_LANGUAGE_STANDARD = gnu17;
				GCC_DYNAMIC_NO_PIC = NO;
				GCC_NO_COMMON_BLOCKS = YES;
				GCC_OPTIMIZATION_LEVEL = 0;
				GCC_PREPROCESSOR_DEFINITIONS = (
					"DEBUG=1",
					"$(inherited)",
				);
				GCC_WARN_64_TO_32_BIT_CONVERSION = YES;
				GCC_WARN_ABOUT_RETURN_TYPE = YES_ERROR;
				GCC_WARN_UNDECLARED_SELECTOR = YES;
				GCC_WARN_UNINITIALIZED_AUTOS = YES_AGGRESSIVE;
				GCC_WARN_UNUSED_FUNCTION = YES;
				GCC_WARN_UNUSED_VARIABLE = YES;
				IPHONEOS_DEPLOYMENT_TARGET = 17.4;
				LOCALIZATION_PREFERS_STRING_CATALOGS = YES;
				MTL_ENABLE_DEBUG_INFO = INCLUDE_SOURCE;
				MTL_FAST_MATH = YES;
				ONLY_ACTIVE_ARCH = YES;
				SDKROOT = iphoneos;
				SWIFT_ACTIVE_COMPILATION_CONDITIONS = "DEBUG $(inherited)";
				SWIFT_OPTIMIZATION_LEVEL = "-Onone";
			};
			name = Debug;
		};
		B7F3793E2C1DFE13009C597E /* Release */ = {
			isa = XCBuildConfiguration;
			buildSettings = {
				ALWAYS_SEARCH_USER_PATHS = NO;
				ASSETCATALOG_COMPILER_GENERATE_SWIFT_ASSET_SYMBOL_EXTENSIONS = YES;
				CLANG_ANALYZER_NONNULL = YES;
				CLANG_ANALYZER_NUMBER_OBJECT_CONVERSION = YES_AGGRESSIVE;
				CLANG_CXX_LANGUAGE_STANDARD = "gnu++20";
				CLANG_ENABLE_MODULES = YES;
				CLANG_ENABLE_OBJC_ARC = YES;
				CLANG_ENABLE_OBJC_WEAK = YES;
				CLANG_WARN_BLOCK_CAPTURE_AUTORELEASING = YES;
				CLANG_WARN_BOOL_CONVERSION = YES;
				CLANG_WARN_COMMA = YES;
				CLANG_WARN_CONSTANT_CONVERSION = YES;
				CLANG_WARN_DEPRECATED_OBJC_IMPLEMENTATIONS = YES;
				CLANG_WARN_DIRECT_OBJC_ISA_USAGE = YES_ERROR;
				CLANG_WARN_DOCUMENTATION_COMMENTS = YES;
				CLANG_WARN_EMPTY_BODY = YES;
				CLANG_WARN_ENUM_CONVERSION = YES;
				CLANG_WARN_INFINITE_RECURSION = YES;
				CLANG_WARN_INT_CONVERSION = YES;
				CLANG_WARN_NON_LITERAL_NULL_CONVERSION = YES;
				CLANG_WARN_OBJC_IMPLICIT_RETAIN_SELF = YES;
				CLANG_WARN_OBJC_LITERAL_CONVERSION = YES;
				CLANG_WARN_OBJC_ROOT_CLASS = YES_ERROR;
				CLANG_WARN_QUOTED_INCLUDE_IN_FRAMEWORK_HEADER = YES;
				CLANG_WARN_RANGE_LOOP_ANALYSIS = YES;
				CLANG_WARN_STRICT_PROTOTYPES = YES;
				CLANG_WARN_SUSPICIOUS_MOVE = YES;
				CLANG_WARN_UNGUARDED_AVAILABILITY = YES_AGGRESSIVE;
				CLANG_WARN_UNREACHABLE_CODE = YES;
				CLANG_WARN__DUPLICATE_METHOD_MATCH = YES;
				COPY_PHASE_STRIP = NO;
				DEBUG_INFORMATION_FORMAT = "dwarf-with-dsym";
				ENABLE_NS_ASSERTIONS = NO;
				ENABLE_STRICT_OBJC_MSGSEND = YES;
				ENABLE_USER_SCRIPT_SANDBOXING = YES;
				GCC_C_LANGUAGE_STANDARD = gnu17;
				GCC_NO_COMMON_BLOCKS = YES;
				GCC_WARN_64_TO_32_BIT_CONVERSION = YES;
				GCC_WARN_ABOUT_RETURN_TYPE = YES_ERROR;
				GCC_WARN_UNDECLARED_SELECTOR = YES;
				GCC_WARN_UNINITIALIZED_AUTOS = YES_AGGRESSIVE;
				GCC_WARN_UNUSED_FUNCTION = YES;
				GCC_WARN_UNUSED_VARIABLE = YES;
				IPHONEOS_DEPLOYMENT_TARGET = 17.4;
				LOCALIZATION_PREFERS_STRING_CATALOGS = YES;
				MTL_ENABLE_DEBUG_INFO = NO;
				MTL_FAST_MATH = YES;
				SDKROOT = iphoneos;
				SWIFT_COMPILATION_MODE = wholemodule;
				VALIDATE_PRODUCT = YES;
			};
			name = Release;
		};
		B7F379402C1DFE13009C597E /* Debug */ = {
			isa = XCBuildConfiguration;
			buildSettings = {
				ASSETCATALOG_COMPILER_APPICON_NAME = AppIcon;
				ASSETCATALOG_COMPILER_GLOBAL_ACCENT_COLOR_NAME = AccentColor;
				CODE_SIGN_STYLE = Automatic;
				CURRENT_PROJECT_VERSION = 1;
				DEVELOPMENT_ASSET_PATHS = "\"LearningAppStoragesSwiftUI/Preview Content\"";
				ENABLE_PREVIEWS = YES;
				GENERATE_INFOPLIST_FILE = YES;
				INFOPLIST_KEY_UIApplicationSceneManifest_Generation = YES;
				INFOPLIST_KEY_UIApplicationSupportsIndirectInputEvents = YES;
				INFOPLIST_KEY_UILaunchScreen_Generation = YES;
				INFOPLIST_KEY_UISupportedInterfaceOrientations_iPad = "UIInterfaceOrientationPortrait UIInterfaceOrientationPortraitUpsideDown UIInterfaceOrientationLandscapeLeft UIInterfaceOrientationLandscapeRight";
				INFOPLIST_KEY_UISupportedInterfaceOrientations_iPhone = "UIInterfaceOrientationPortrait UIInterfaceOrientationLandscapeLeft UIInterfaceOrientationLandscapeRight";
				LD_RUNPATH_SEARCH_PATHS = (
					"$(inherited)",
					"@executable_path/Frameworks",
				);
				MARKETING_VERSION = 1.0;
				PRODUCT_BUNDLE_IDENTIFIER = com.saurabh.LearningAppStoragesSwiftUI;
				PRODUCT_NAME = "$(TARGET_NAME)";
				SWIFT_EMIT_LOC_STRINGS = YES;
				SWIFT_VERSION = 5.0;
				TARGETED_DEVICE_FAMILY = "1,2";
			};
			name = Debug;
		};
		B7F379412C1DFE13009C597E /* Release */ = {
			isa = XCBuildConfiguration;
			buildSettings = {
				ASSETCATALOG_COMPILER_APPICON_NAME = AppIcon;
				ASSETCATALOG_COMPILER_GLOBAL_ACCENT_COLOR_NAME = AccentColor;
				CODE_SIGN_STYLE = Automatic;
				CURRENT_PROJECT_VERSION = 1;
				DEVELOPMENT_ASSET_PATHS = "\"LearningAppStoragesSwiftUI/Preview Content\"";
				ENABLE_PREVIEWS = YES;
				GENERATE_INFOPLIST_FILE = YES;
				INFOPLIST_KEY_UIApplicationSceneManifest_Generation = YES;
				INFOPLIST_KEY_UIApplicationSupportsIndirectInputEvents = YES;
				INFOPLIST_KEY_UILaunchScreen_Generation = YES;
				INFOPLIST_KEY_UISupportedInterfaceOrientations_iPad = "UIInterfaceOrientationPortrait UIInterfaceOrientationPortraitUpsideDown UIInterfaceOrientationLandscapeLeft UIInterfaceOrientationLandscapeRight";
				INFOPLIST_KEY_UISupportedInterfaceOrientations_iPhone = "UIInterfaceOrientationPortrait UIInterfaceOrientationLandscapeLeft UIInterfaceOrientationLandscapeRight";
				LD_RUNPATH_SEARCH_PATHS = (
					"$(inherited)",
					"@executable_path/Frameworks",
				);
				MARKETING_VERSION = 1.0;
				PRODUCT_BUNDLE_IDENTIFIER = com.saurabh.LearningAppStoragesSwiftUI;
				PRODUCT_NAME = "$(TARGET_NAME)";
				SWIFT_EMIT_LOC_STRINGS = YES;
				SWIFT_VERSION = 5.0;
				TARGETED_DEVICE_FAMILY = "1,2";
			};
			name = Release;
		};
		B7F379432C1DFE13009C597E /* Debug */ = {
			isa = XCBuildConfiguration;
			buildSettings = {
				ALWAYS_EMBED_SWIFT_STANDARD_LIBRARIES = YES;
				BUNDLE_LOADER = "$(TEST_HOST)";
				CODE_SIGN_STYLE = Automatic;
				CURRENT_PROJECT_VERSION = 1;
				GENERATE_INFOPLIST_FILE = YES;
				IPHONEOS_DEPLOYMENT_TARGET = 17.4;
				MARKETING_VERSION = 1.0;
				PRODUCT_BUNDLE_IDENTIFIER = com.saurabh.LearningAppStoragesSwiftUITests;
				PRODUCT_NAME = "$(TARGET_NAME)";
				SWIFT_EMIT_LOC_STRINGS = NO;
				SWIFT_VERSION = 5.0;
				TARGETED_DEVICE_FAMILY = "1,2";
				TEST_HOST = "$(BUILT_PRODUCTS_DIR)/LearningAppStoragesSwiftUI.app/$(BUNDLE_EXECUTABLE_FOLDER_PATH)/LearningAppStoragesSwiftUI";
			};
			name = Debug;
		};
		B7F379442C1DFE13009C597E /* Release */ = {
			isa = XCBuildConfiguration;
			buildSettings = {
				ALWAYS_EMBED_SWIFT_STANDARD_LIBRARIES = YES;
				BUNDLE_LOADER = "$(TEST_HOST)";
				CODE_SIGN_STYLE = Automatic;
				CURRENT_PROJECT_VERSION = 1;
				GENERATE_INFOPLIST_FILE = YES;
				IPHONEOS_DEPLOYMENT_TARGET = 17.4;
				MARKETING_VERSION = 1.0;
				PRODUCT_BUNDLE_IDENTIFIER = com.saurabh.LearningAppStoragesSwiftUITests;
				PRODUCT_NAME = "$(TARGET_NAME)";
				SWIFT_EMIT_LOC_STRINGS = NO;
				SWIFT_VERSION = 5.0;
				TARGETED_DEVICE_FAMILY = "1,2";
				TEST_HOST = "$(BUILT_PRODUCTS_DIR)/LearningAppStoragesSwiftUI.app/$(BUNDLE_EXECUTABLE_FOLDER_PATH)/LearningAppStoragesSwiftUI";
			};
			name = Release;
		};
		B7F379462C1DFE13009C597E /* Debug */ = {
			isa = XCBuildConfiguration;
			buildSettings = {
				ALWAYS_EMBED_SWIFT_STANDARD_LIBRARIES = YES;
				CODE_SIGN_STYLE = Automatic;
				CURRENT_PROJECT_VERSION = 1;
				GENERATE_INFOPLIST_FILE = YES;
				MARKETING_VERSION = 1.0;
				PRODUCT_BUNDLE_IDENTIFIER = com.saurabh.LearningAppStoragesSwiftUIUITests;
				PRODUCT_NAME = "$(TARGET_NAME)";
				SWIFT_EMIT_LOC_STRINGS = NO;
				SWIFT_VERSION = 5.0;
				TARGETED_DEVICE_FAMILY = "1,2";
				TEST_TARGET_NAME = LearningAppStoragesSwiftUI;
			};
			name = Debug;
		};
		B7F379472C1DFE13009C597E /* Release */ = {
			isa = XCBuildConfiguration;
			buildSettings = {
				ALWAYS_EMBED_SWIFT_STANDARD_LIBRARIES = YES;
				CODE_SIGN_STYLE = Automatic;
				CURRENT_PROJECT_VERSION = 1;
				GENERATE_INFOPLIST_FILE = YES;
				MARKETING_VERSION = 1.0;
				PRODUCT_BUNDLE_IDENTIFIER = com.saurabh.LearningAppStoragesSwiftUIUITests;
				PRODUCT_NAME = "$(TARGET_NAME)";
				SWIFT_EMIT_LOC_STRINGS = NO;
				SWIFT_VERSION = 5.0;
				TARGETED_DEVICE_FAMILY = "1,2";
				TEST_TARGET_NAME = LearningAppStoragesSwiftUI;
			};
			name = Release;
		};
/* End XCBuildConfiguration section */

/* Begin XCConfigurationList section */
		B7F379162C1DFE12009C597E /* Build configuration list for PBXProject "LearningAppStoragesSwiftUI" */ = {
			isa = XCConfigurationList;
			buildConfigurations = (
				B7F3793D2C1DFE13009C597E /* Debug */,
				B7F3793E2C1DFE13009C597E /* Release */,
			);
			defaultConfigurationIsVisible = 0;
			defaultConfigurationName = Release;
		};
		B7F3793F2C1DFE13009C597E /* Build configuration list for PBXNativeTarget "LearningAppStoragesSwiftUI" */ = {
			isa = XCConfigurationList;
			buildConfigurations = (
				B7F379402C1DFE13009C597E /* Debug */,
				B7F379412C1DFE13009C597E /* Release */,
			);
			defaultConfigurationIsVisible = 0;
			defaultConfigurationName = Release;
		};
		B7F379422C1DFE13009C597E /* Build configuration list for PBXNativeTarget "LearningAppStoragesSwiftUITests" */ = {
			isa = XCConfigurationList;
			buildConfigurations = (
				B7F379432C1DFE13009C597E /* Debug */,
				B7F379442C1DFE13009C597E /* Release */,
			);
			defaultConfigurationIsVisible = 0;
			defaultConfigurationName = Release;
		};
		B7F379452C1DFE13009C597E /* Build configuration list for PBXNativeTarget "LearningAppStoragesSwiftUIUITests" */ = {
			isa = XCConfigurationList;
			buildConfigurations = (
				B7F379462C1DFE13009C597E /* Debug */,
				B7F379472C1DFE13009C597E /* Release */,
			);
			defaultConfigurationIsVisible = 0;
			defaultConfigurationName = Release;
		};
/* End XCConfigurationList section */
	};
	rootObject = B7F379132C1DFE12009C597E /* Project object */;
}
