// !$*UTF8*$!
{
	archiveVersion = 1;
	classes = {
	};
	objectVersion = 56;
	objects = {

/* Begin PBXBuildFile section */
		B71AB68B2C13F001002CBD05 /* CoreDataMemoryOption.swift in Sources */ = {isa = PBXBuildFile; fileRef = B71AB68A2C13F001002CBD05 /* CoreDataMemoryOption.swift */; };
		B73028992C1361D200989FA6 /* AppDelegate.swift in Sources */ = {isa = PBXBuildFile; fileRef = B73028982C1361D200989FA6 /* AppDelegate.swift */; };
		B730289B2C1361D200989FA6 /* SceneDelegate.swift in Sources */ = {isa = PBXBuildFile; fileRef = B730289A2C1361D200989FA6 /* SceneDelegate.swift */; };
		B730289D2C1361D200989FA6 /* ViewController.swift in Sources */ = {isa = PBXBuildFile; fileRef = B730289C2C1361D200989FA6 /* ViewController.swift */; };
		B73028A02C1361D200989FA6 /* Base in Resources */ = {isa = PBXBuildFile; fileRef = B730289F2C1361D200989FA6 /* Base */; };
		B73028A32C1361D200989FA6 /* LearningAppCoreDataInMemoryUIKit.xcdatamodeld in Sources */ = {isa = PBXBuildFile; fileRef = B73028A12C1361D200989FA6 /* LearningAppCoreDataInMemoryUIKit.xcdatamodeld */; };
		B73028A52C1361D300989FA6 /* Assets.xcassets in Resources */ = {isa = PBXBuildFile; fileRef = B73028A42C1361D300989FA6 /* Assets.xcassets */; };
		B73028A82C1361D300989FA6 /* Base in Resources */ = {isa = PBXBuildFile; fileRef = B73028A72C1361D300989FA6 /* Base */; };
		B73028B32C1361D300989FA6 /* LearningAppCoreDataInMemoryUIKitTests.swift in Sources */ = {isa = PBXBuildFile; fileRef = B73028B22C1361D300989FA6 /* LearningAppCoreDataInMemoryUIKitTests.swift */; };
		B73028BD2C1361D300989FA6 /* LearningAppCoreDataInMemoryUIKitUITests.swift in Sources */ = {isa = PBXBuildFile; fileRef = B73028BC2C1361D300989FA6 /* LearningAppCoreDataInMemoryUIKitUITests.swift */; };
		B73028BF2C1361D300989FA6 /* LearningAppCoreDataInMemoryUIKitUITestsLaunchTests.swift in Sources */ = {isa = PBXBuildFile; fileRef = B73028BE2C1361D300989FA6 /* LearningAppCoreDataInMemoryUIKitUITestsLaunchTests.swift */; };
		B7ADA9BC2C54B0D0008879E1 /* Storyboard.swift in Sources */ = {isa = PBXBuildFile; fileRef = B7ADA9BB2C54B0D0008879E1 /* Storyboard.swift */; };
		B7B97EDF2C1582A600862C04 /* CoreDataManager.swift in Sources */ = {isa = PBXBuildFile; fileRef = B7B97EDE2C1582A600862C04 /* CoreDataManager.swift */; };
		B7B97EE12C15855700862C04 /* CoreDataOperation.swift in Sources */ = {isa = PBXBuildFile; fileRef = B7B97EE02C15855700862C04 /* CoreDataOperation.swift */; };
		B7C41C5E2C14A0980070C662 /* AddNewBikeViewController.swift in Sources */ = {isa = PBXBuildFile; fileRef = B7C41C5D2C14A0980070C662 /* AddNewBikeViewController.swift */; };
		B7C41C612C14B0D20070C662 /* HasManagedContext.swift in Sources */ = {isa = PBXBuildFile; fileRef = B7C41C602C14B0D20070C662 /* HasManagedContext.swift */; };
		B7F505692C14182D00A62935 /* BikesViewController.swift in Sources */ = {isa = PBXBuildFile; fileRef = B7F505682C14182D00A62935 /* BikesViewController.swift */; };
		B7F5056B2C141AC200A62935 /* BikesViewModel.swift in Sources */ = {isa = PBXBuildFile; fileRef = B7F5056A2C141AC200A62935 /* BikesViewModel.swift */; };
/* End PBXBuildFile section */

/* Begin PBXContainerItemProxy section */
		B73028AF2C1361D300989FA6 /* PBXContainerItemProxy */ = {
			isa = PBXContainerItemProxy;
			containerPortal = B730288D2C1361D200989FA6 /* Project object */;
			proxyType = 1;
			remoteGlobalIDString = B73028942C1361D200989FA6;
			remoteInfo = LearningAppCoreDataInMemoryUIKit;
		};
		B73028B92C1361D300989FA6 /* PBXContainerItemProxy */ = {
			isa = PBXContainerItemProxy;
			containerPortal = B730288D2C1361D200989FA6 /* Project object */;
			proxyType = 1;
			remoteGlobalIDString = B73028942C1361D200989FA6;
			remoteInfo = LearningAppCoreDataInMemoryUIKit;
		};
/* End PBXContainerItemProxy section */

/* Begin PBXFileReference section */
		B71AB68A2C13F001002CBD05 /* CoreDataMemoryOption.swift */ = {isa = PBXFileReference; lastKnownFileType = sourcecode.swift; path = CoreDataMemoryOption.swift; sourceTree = "<group>"; };
		B73028952C1361D200989FA6 /* LearningAppCoreDataInMemoryUIKit.app */ = {isa = PBXFileReference; explicitFileType = wrapper.application; includeInIndex = 0; path = LearningAppCoreDataInMemoryUIKit.app; sourceTree = BUILT_PRODUCTS_DIR; };
		B73028982C1361D200989FA6 /* AppDelegate.swift */ = {isa = PBXFileReference; lastKnownFileType = sourcecode.swift; path = AppDelegate.swift; sourceTree = "<group>"; };
		B730289A2C1361D200989FA6 /* SceneDelegate.swift */ = {isa = PBXFileReference; lastKnownFileType = sourcecode.swift; path = SceneDelegate.swift; sourceTree = "<group>"; };
		B730289C2C1361D200989FA6 /* ViewController.swift */ = {isa = PBXFileReference; lastKnownFileType = sourcecode.swift; path = ViewController.swift; sourceTree = "<group>"; };
		B730289F2C1361D200989FA6 /* Base */ = {isa = PBXFileReference; lastKnownFileType = file.storyboard; name = Base; path = Base.lproj/Main.storyboard; sourceTree = "<group>"; };
		B73028A22C1361D200989FA6 /* LearningAppCoreDataInMemoryUIKit.xcdatamodel */ = {isa = PBXFileReference; lastKnownFileType = wrapper.xcdatamodel; path = LearningAppCoreDataInMemoryUIKit.xcdatamodel; sourceTree = "<group>"; };
		B73028A42C1361D300989FA6 /* Assets.xcassets */ = {isa = PBXFileReference; lastKnownFileType = folder.assetcatalog; path = Assets.xcassets; sourceTree = "<group>"; };
		B73028A72C1361D300989FA6 /* Base */ = {isa = PBXFileReference; lastKnownFileType = file.storyboard; name = Base; path = Base.lproj/LaunchScreen.storyboard; sourceTree = "<group>"; };
		B73028A92C1361D300989FA6 /* Info.plist */ = {isa = PBXFileReference; lastKnownFileType = text.plist.xml; path = Info.plist; sourceTree = "<group>"; };
		B73028AE2C1361D300989FA6 /* LearningAppCoreDataInMemoryUIKitTests.xctest */ = {isa = PBXFileReference; explicitFileType = wrapper.cfbundle; includeInIndex = 0; path = LearningAppCoreDataInMemoryUIKitTests.xctest; sourceTree = BUILT_PRODUCTS_DIR; };
		B73028B22C1361D300989FA6 /* LearningAppCoreDataInMemoryUIKitTests.swift */ = {isa = PBXFileReference; lastKnownFileType = sourcecode.swift; path = LearningAppCoreDataInMemoryUIKitTests.swift; sourceTree = "<group>"; };
		B73028B82C1361D300989FA6 /* LearningAppCoreDataInMemoryUIKitUITests.xctest */ = {isa = PBXFileReference; explicitFileType = wrapper.cfbundle; includeInIndex = 0; path = LearningAppCoreDataInMemoryUIKitUITests.xctest; sourceTree = BUILT_PRODUCTS_DIR; };
		B73028BC2C1361D300989FA6 /* LearningAppCoreDataInMemoryUIKitUITests.swift */ = {isa = PBXFileReference; lastKnownFileType = sourcecode.swift; path = LearningAppCoreDataInMemoryUIKitUITests.swift; sourceTree = "<group>"; };
		B73028BE2C1361D300989FA6 /* LearningAppCoreDataInMemoryUIKitUITestsLaunchTests.swift */ = {isa = PBXFileReference; lastKnownFileType = sourcecode.swift; path = LearningAppCoreDataInMemoryUIKitUITestsLaunchTests.swift; sourceTree = "<group>"; };
		B7ADA9BB2C54B0D0008879E1 /* Storyboard.swift */ = {isa = PBXFileReference; lastKnownFileType = sourcecode.swift; path = Storyboard.swift; sourceTree = "<group>"; };
		B7B97EDE2C1582A600862C04 /* CoreDataManager.swift */ = {isa = PBXFileReference; lastKnownFileType = sourcecode.swift; path = CoreDataManager.swift; sourceTree = "<group>"; };
		B7B97EE02C15855700862C04 /* CoreDataOperation.swift */ = {isa = PBXFileReference; lastKnownFileType = sourcecode.swift; path = CoreDataOperation.swift; sourceTree = "<group>"; };
		B7C41C5D2C14A0980070C662 /* AddNewBikeViewController.swift */ = {isa = PBXFileReference; lastKnownFileType = sourcecode.swift; path = AddNewBikeViewController.swift; sourceTree = "<group>"; };
		B7C41C602C14B0D20070C662 /* HasManagedContext.swift */ = {isa = PBXFileReference; lastKnownFileType = sourcecode.swift; path = HasManagedContext.swift; sourceTree = "<group>"; };
		B7F505682C14182D00A62935 /* BikesViewController.swift */ = {isa = PBXFileReference; lastKnownFileType = sourcecode.swift; path = BikesViewController.swift; sourceTree = "<group>"; };
		B7F5056A2C141AC200A62935 /* BikesViewModel.swift */ = {isa = PBXFileReference; lastKnownFileType = sourcecode.swift; path = BikesViewModel.swift; sourceTree = "<group>"; };
/* End PBXFileReference section */

/* Begin PBXFrameworksBuildPhase section */
		B73028922C1361D200989FA6 /* Frameworks */ = {
			isa = PBXFrameworksBuildPhase;
			buildActionMask = 2147483647;
			files = (
			);
			runOnlyForDeploymentPostprocessing = 0;
		};
		B73028AB2C1361D300989FA6 /* Frameworks */ = {
			isa = PBXFrameworksBuildPhase;
			buildActionMask = 2147483647;
			files = (
			);
			runOnlyForDeploymentPostprocessing = 0;
		};
		B73028B52C1361D300989FA6 /* Frameworks */ = {
			isa = PBXFrameworksBuildPhase;
			buildActionMask = 2147483647;
			files = (
			);
			runOnlyForDeploymentPostprocessing = 0;
		};
/* End PBXFrameworksBuildPhase section */

/* Begin PBXGroup section */
		B730288C2C1361D200989FA6 = {
			isa = PBXGroup;
			children = (
				B73028972C1361D200989FA6 /* LearningAppCoreDataInMemoryUIKit */,
				B73028B12C1361D300989FA6 /* LearningAppCoreDataInMemoryUIKitTests */,
				B73028BB2C1361D300989FA6 /* LearningAppCoreDataInMemoryUIKitUITests */,
				B73028962C1361D200989FA6 /* Products */,
			);
			sourceTree = "<group>";
		};
		B73028962C1361D200989FA6 /* Products */ = {
			isa = PBXGroup;
			children = (
				B73028952C1361D200989FA6 /* LearningAppCoreDataInMemoryUIKit.app */,
				B73028AE2C1361D300989FA6 /* LearningAppCoreDataInMemoryUIKitTests.xctest */,
				B73028B82C1361D300989FA6 /* LearningAppCoreDataInMemoryUIKitUITests.xctest */,
			);
			name = Products;
			sourceTree = "<group>";
		};
		B73028972C1361D200989FA6 /* LearningAppCoreDataInMemoryUIKit */ = {
			isa = PBXGroup;
			children = (
				B7C41C5F2C14B0B80070C662 /* Protocols */,
				B73028982C1361D200989FA6 /* AppDelegate.swift */,
				B730289A2C1361D200989FA6 /* SceneDelegate.swift */,
				B730289C2C1361D200989FA6 /* ViewController.swift */,
				B730289E2C1361D200989FA6 /* Main.storyboard */,
				B73028A42C1361D300989FA6 /* Assets.xcassets */,
				B73028A62C1361D300989FA6 /* LaunchScreen.storyboard */,
				B73028A92C1361D300989FA6 /* Info.plist */,
				B73028A12C1361D200989FA6 /* LearningAppCoreDataInMemoryUIKit.xcdatamodeld */,
				B71AB68A2C13F001002CBD05 /* CoreDataMemoryOption.swift */,
				B7F505682C14182D00A62935 /* BikesViewController.swift */,
				B7F5056A2C141AC200A62935 /* BikesViewModel.swift */,
				B7C41C5D2C14A0980070C662 /* AddNewBikeViewController.swift */,
				B7B97EDE2C1582A600862C04 /* CoreDataManager.swift */,
				B7B97EE02C15855700862C04 /* CoreDataOperation.swift */,
				B7ADA9BB2C54B0D0008879E1 /* Storyboard.swift */,
			);
			path = LearningAppCoreDataInMemoryUIKit;
			sourceTree = "<group>";
		};
		B73028B12C1361D300989FA6 /* LearningAppCoreDataInMemoryUIKitTests */ = {
			isa = PBXGroup;
			children = (
				B73028B22C1361D300989FA6 /* LearningAppCoreDataInMemoryUIKitTests.swift */,
			);
			path = LearningAppCoreDataInMemoryUIKitTests;
			sourceTree = "<group>";
		};
		B73028BB2C1361D300989FA6 /* LearningAppCoreDataInMemoryUIKitUITests */ = {
			isa = PBXGroup;
			children = (
				B73028BC2C1361D300989FA6 /* LearningAppCoreDataInMemoryUIKitUITests.swift */,
				B73028BE2C1361D300989FA6 /* LearningAppCoreDataInMemoryUIKitUITestsLaunchTests.swift */,
			);
			path = LearningAppCoreDataInMemoryUIKitUITests;
			sourceTree = "<group>";
		};
		B7C41C5F2C14B0B80070C662 /* Protocols */ = {
			isa = PBXGroup;
			children = (
				B7C41C602C14B0D20070C662 /* HasManagedContext.swift */,
			);
			path = Protocols;
			sourceTree = "<group>";
		};
/* End PBXGroup section */

/* Begin PBXNativeTarget section */
		B73028942C1361D200989FA6 /* LearningAppCoreDataInMemoryUIKit */ = {
			isa = PBXNativeTarget;
			buildConfigurationList = B73028C22C1361D300989FA6 /* Build configuration list for PBXNativeTarget "LearningAppCoreDataInMemoryUIKit" */;
			buildPhases = (
				B73028912C1361D200989FA6 /* Sources */,
				B73028922C1361D200989FA6 /* Frameworks */,
				B73028932C1361D200989FA6 /* Resources */,
			);
			buildRules = (
			);
			dependencies = (
			);
			name = LearningAppCoreDataInMemoryUIKit;
			productName = LearningAppCoreDataInMemoryUIKit;
			productReference = B73028952C1361D200989FA6 /* LearningAppCoreDataInMemoryUIKit.app */;
			productType = "com.apple.product-type.application";
		};
		B73028AD2C1361D300989FA6 /* LearningAppCoreDataInMemoryUIKitTests */ = {
			isa = PBXNativeTarget;
			buildConfigurationList = B73028C52C1361D300989FA6 /* Build configuration list for PBXNativeTarget "LearningAppCoreDataInMemoryUIKitTests" */;
			buildPhases = (
				B73028AA2C1361D300989FA6 /* Sources */,
				B73028AB2C1361D300989FA6 /* Frameworks */,
				B73028AC2C1361D300989FA6 /* Resources */,
			);
			buildRules = (
			);
			dependencies = (
				B73028B02C1361D300989FA6 /* PBXTargetDependency */,
			);
			name = LearningAppCoreDataInMemoryUIKitTests;
			productName = LearningAppCoreDataInMemoryUIKitTests;
			productReference = B73028AE2C1361D300989FA6 /* LearningAppCoreDataInMemoryUIKitTests.xctest */;
			productType = "com.apple.product-type.bundle.unit-test";
		};
		B73028B72C1361D300989FA6 /* LearningAppCoreDataInMemoryUIKitUITests */ = {
			isa = PBXNativeTarget;
			buildConfigurationList = B73028C82C1361D300989FA6 /* Build configuration list for PBXNativeTarget "LearningAppCoreDataInMemoryUIKitUITests" */;
			buildPhases = (
				B73028B42C1361D300989FA6 /* Sources */,
				B73028B52C1361D300989FA6 /* Frameworks */,
				B73028B62C1361D300989FA6 /* Resources */,
			);
			buildRules = (
			);
			dependencies = (
				B73028BA2C1361D300989FA6 /* PBXTargetDependency */,
			);
			name = LearningAppCoreDataInMemoryUIKitUITests;
			productName = LearningAppCoreDataInMemoryUIKitUITests;
			productReference = B73028B82C1361D300989FA6 /* LearningAppCoreDataInMemoryUIKitUITests.xctest */;
			productType = "com.apple.product-type.bundle.ui-testing";
		};
/* End PBXNativeTarget section */

/* Begin PBXProject section */
		B730288D2C1361D200989FA6 /* Project object */ = {
			isa = PBXProject;
			attributes = {
				BuildIndependentTargetsInParallel = 1;
				LastSwiftUpdateCheck = 1530;
				LastUpgradeCheck = 1530;
				TargetAttributes = {
					B73028942C1361D200989FA6 = {
						CreatedOnToolsVersion = 15.3;
					};
					B73028AD2C1361D300989FA6 = {
						CreatedOnToolsVersion = 15.3;
						TestTargetID = B73028942C1361D200989FA6;
					};
					B73028B72C1361D300989FA6 = {
						CreatedOnToolsVersion = 15.3;
						TestTargetID = B73028942C1361D200989FA6;
					};
				};
			};
			buildConfigurationList = B73028902C1361D200989FA6 /* Build configuration list for PBXProject "LearningAppCoreDataInMemoryUIKit" */;
			compatibilityVersion = "Xcode 14.0";
			developmentRegion = en;
			hasScannedForEncodings = 0;
			knownRegions = (
				en,
				Base,
			);
			mainGroup = B730288C2C1361D200989FA6;
			productRefGroup = B73028962C1361D200989FA6 /* Products */;
			projectDirPath = "";
			projectRoot = "";
			targets = (
				B73028942C1361D200989FA6 /* LearningAppCoreDataInMemoryUIKit */,
				B73028AD2C1361D300989FA6 /* LearningAppCoreDataInMemoryUIKitTests */,
				B73028B72C1361D300989FA6 /* LearningAppCoreDataInMemoryUIKitUITests */,
			);
		};
/* End PBXProject section */

/* Begin PBXResourcesBuildPhase section */
		B73028932C1361D200989FA6 /* Resources */ = {
			isa = PBXResourcesBuildPhase;
			buildActionMask = 2147483647;
			files = (
				B73028A52C1361D300989FA6 /* Assets.xcassets in Resources */,
				B73028A82C1361D300989FA6 /* Base in Resources */,
				B73028A02C1361D200989FA6 /* Base in Resources */,
			);
			runOnlyForDeploymentPostprocessing = 0;
		};
		B73028AC2C1361D300989FA6 /* Resources */ = {
			isa = PBXResourcesBuildPhase;
			buildActionMask = 2147483647;
			files = (
			);
			runOnlyForDeploymentPostprocessing = 0;
		};
		B73028B62C1361D300989FA6 /* Resources */ = {
			isa = PBXResourcesBuildPhase;
			buildActionMask = 2147483647;
			files = (
			);
			runOnlyForDeploymentPostprocessing = 0;
		};
/* End PBXResourcesBuildPhase section */

/* Begin PBXSourcesBuildPhase section */
		B73028912C1361D200989FA6 /* Sources */ = {
			isa = PBXSourcesBuildPhase;
			buildActionMask = 2147483647;
			files = (
				B730289D2C1361D200989FA6 /* ViewController.swift in Sources */,
				B7F505692C14182D00A62935 /* BikesViewController.swift in Sources */,
				B73028992C1361D200989FA6 /* AppDelegate.swift in Sources */,
				B7C41C612C14B0D20070C662 /* HasManagedContext.swift in Sources */,
				B7ADA9BC2C54B0D0008879E1 /* Storyboard.swift in Sources */,
				B71AB68B2C13F001002CBD05 /* CoreDataMemoryOption.swift in Sources */,
				B7B97EE12C15855700862C04 /* CoreDataOperation.swift in Sources */,
				B730289B2C1361D200989FA6 /* SceneDelegate.swift in Sources */,
				B73028A32C1361D200989FA6 /* LearningAppCoreDataInMemoryUIKit.xcdatamodeld in Sources */,
				B7C41C5E2C14A0980070C662 /* AddNewBikeViewController.swift in Sources */,
				B7B97EDF2C1582A600862C04 /* CoreDataManager.swift in Sources */,
				B7F5056B2C141AC200A62935 /* BikesViewModel.swift in Sources */,
			);
			runOnlyForDeploymentPostprocessing = 0;
		};
		B73028AA2C1361D300989FA6 /* Sources */ = {
			isa = PBXSourcesBuildPhase;
			buildActionMask = 2147483647;
			files = (
				B73028B32C1361D300989FA6 /* LearningAppCoreDataInMemoryUIKitTests.swift in Sources */,
			);
			runOnlyForDeploymentPostprocessing = 0;
		};
		B73028B42C1361D300989FA6 /* Sources */ = {
			isa = PBXSourcesBuildPhase;
			buildActionMask = 2147483647;
			files = (
				B73028BF2C1361D300989FA6 /* LearningAppCoreDataInMemoryUIKitUITestsLaunchTests.swift in Sources */,
				B73028BD2C1361D300989FA6 /* LearningAppCoreDataInMemoryUIKitUITests.swift in Sources */,
			);
			runOnlyForDeploymentPostprocessing = 0;
		};
/* End PBXSourcesBuildPhase section */

/* Begin PBXTargetDependency section */
		B73028B02C1361D300989FA6 /* PBXTargetDependency */ = {
			isa = PBXTargetDependency;
			target = B73028942C1361D200989FA6 /* LearningAppCoreDataInMemoryUIKit */;
			targetProxy = B73028AF2C1361D300989FA6 /* PBXContainerItemProxy */;
		};
		B73028BA2C1361D300989FA6 /* PBXTargetDependency */ = {
			isa = PBXTargetDependency;
			target = B73028942C1361D200989FA6 /* LearningAppCoreDataInMemoryUIKit */;
			targetProxy = B73028B92C1361D300989FA6 /* PBXContainerItemProxy */;
		};
/* End PBXTargetDependency section */

/* Begin PBXVariantGroup section */
		B730289E2C1361D200989FA6 /* Main.storyboard */ = {
			isa = PBXVariantGroup;
			children = (
				B730289F2C1361D200989FA6 /* Base */,
			);
			name = Main.storyboard;
			sourceTree = "<group>";
		};
		B73028A62C1361D300989FA6 /* LaunchScreen.storyboard */ = {
			isa = PBXVariantGroup;
			children = (
				B73028A72C1361D300989FA6 /* Base */,
			);
			name = LaunchScreen.storyboard;
			sourceTree = "<group>";
		};
/* End PBXVariantGroup section */

/* Begin XCBuildConfiguration section */
		B73028C02C1361D300989FA6 /* Debug */ = {
			isa = XCBuildConfiguration;
			buildSettings = {
				ALWAYS_SEARCH_USER_PATHS = NO;
				ASSETCATALOG_COMPILER_GENERATE_SWIFT_ASSET_SYMBOL_EXTENSIONS = YES;
				CLANG_ANALYZER_NONNULL = YES;
				CLANG_ANALYZER_NUMBER_OBJECT_CONVERSION = YES_AGGRESSIVE;
				CLANG_CXX_LANGUAGE_STANDARD = "gnu++20";
				CLANG_ENABLE_MODULES = YES;
				CLANG_ENABLE_OBJC_ARC = YES;
				CLANG_ENABLE_OBJC_WEAK = YES;
				CLANG_WARN_BLOCK_CAPTURE_AUTORELEASING = YES;
				CLANG_WARN_BOOL_CONVERSION = YES;
				CLANG_WARN_COMMA = YES;
				CLANG_WARN_CONSTANT_CONVERSION = YES;
				CLANG_WARN_DEPRECATED_OBJC_IMPLEMENTATIONS = YES;
				CLANG_WARN_DIRECT_OBJC_ISA_USAGE = YES_ERROR;
				CLANG_WARN_DOCUMENTATION_COMMENTS = YES;
				CLANG_WARN_EMPTY_BODY = YES;
				CLANG_WARN_ENUM_CONVERSION = YES;
				CLANG_WARN_INFINITE_RECURSION = YES;
				CLANG_WARN_INT_CONVERSION = YES;
				CLANG_WARN_NON_LITERAL_NULL_CONVERSION = YES;
				CLANG_WARN_OBJC_IMPLICIT_RETAIN_SELF = YES;
				CLANG_WARN_OBJC_LITERAL_CONVERSION = YES;
				CLANG_WARN_OBJC_ROOT_CLASS = YES_ERROR;
				CLANG_WARN_QUOTED_INCLUDE_IN_FRAMEWORK_HEADER = YES;
				CLANG_WARN_RANGE_LOOP_ANALYSIS = YES;
				CLANG_WARN_STRICT_PROTOTYPES = YES;
				CLANG_WARN_SUSPICIOUS_MOVE = YES;
				CLANG_WARN_UNGUARDED_AVAILABILITY = YES_AGGRESSIVE;
				CLANG_WARN_UNREACHABLE_CODE = YES;
				CLANG_WARN__DUPLICATE_METHOD_MATCH = YES;
				COPY_PHASE_STRIP = NO;
				DEBUG_INFORMATION_FORMAT = dwarf;
				ENABLE_STRICT_OBJC_MSGSEND = YES;
				ENABLE_TESTABILITY = YES;
				ENABLE_USER_SCRIPT_SANDBOXING = YES;
				GCC_C_LANGUAGE_STANDARD = gnu17;
				GCC_DYNAMIC_NO_PIC = NO;
				GCC_NO_COMMON_BLOCKS = YES;
				GCC_OPTIMIZATION_LEVEL = 0;
				GCC_PREPROCESSOR_DEFINITIONS = (
					"DEBUG=1",
					"$(inherited)",
				);
				GCC_WARN_64_TO_32_BIT_CONVERSION = YES;
				GCC_WARN_ABOUT_RETURN_TYPE = YES_ERROR;
				GCC_WARN_UNDECLARED_SELECTOR = YES;
				GCC_WARN_UNINITIALIZED_AUTOS = YES_AGGRESSIVE;
				GCC_WARN_UNUSED_FUNCTION = YES;
				GCC_WARN_UNUSED_VARIABLE = YES;
				IPHONEOS_DEPLOYMENT_TARGET = 17.4;
				LOCALIZATION_PREFERS_STRING_CATALOGS = YES;
				MTL_ENABLE_DEBUG_INFO = INCLUDE_SOURCE;
				MTL_FAST_MATH = YES;
				ONLY_ACTIVE_ARCH = YES;
				SDKROOT = iphoneos;
				SWIFT_ACTIVE_COMPILATION_CONDITIONS = "DEBUG $(inherited)";
				SWIFT_OPTIMIZATION_LEVEL = "-Onone";
			};
			name = Debug;
		};
		B73028C12C1361D300989FA6 /* Release */ = {
			isa = XCBuildConfiguration;
			buildSettings = {
				ALWAYS_SEARCH_USER_PATHS = NO;
				ASSETCATALOG_COMPILER_GENERATE_SWIFT_ASSET_SYMBOL_EXTENSIONS = YES;
				CLANG_ANALYZER_NONNULL = YES;
				CLANG_ANALYZER_NUMBER_OBJECT_CONVERSION = YES_AGGRESSIVE;
				CLANG_CXX_LANGUAGE_STANDARD = "gnu++20";
				CLANG_ENABLE_MODULES = YES;
				CLANG_ENABLE_OBJC_ARC = YES;
				CLANG_ENABLE_OBJC_WEAK = YES;
				CLANG_WARN_BLOCK_CAPTURE_AUTORELEASING = YES;
				CLANG_WARN_BOOL_CONVERSION = YES;
				CLANG_WARN_COMMA = YES;
				CLANG_WARN_CONSTANT_CONVERSION = YES;
				CLANG_WARN_DEPRECATED_OBJC_IMPLEMENTATIONS = YES;
				CLANG_WARN_DIRECT_OBJC_ISA_USAGE = YES_ERROR;
				CLANG_WARN_DOCUMENTATION_COMMENTS = YES;
				CLANG_WARN_EMPTY_BODY = YES;
				CLANG_WARN_ENUM_CONVERSION = YES;
				CLANG_WARN_INFINITE_RECURSION = YES;
				CLANG_WARN_INT_CONVERSION = YES;
				CLANG_WARN_NON_LITERAL_NULL_CONVERSION = YES;
				CLANG_WARN_OBJC_IMPLICIT_RETAIN_SELF = YES;
				CLANG_WARN_OBJC_LITERAL_CONVERSION = YES;
				CLANG_WARN_OBJC_ROOT_CLASS = YES_ERROR;
				CLANG_WARN_QUOTED_INCLUDE_IN_FRAMEWORK_HEADER = YES;
				CLANG_WARN_RANGE_LOOP_ANALYSIS = YES;
				CLANG_WARN_STRICT_PROTOTYPES = YES;
				CLANG_WARN_SUSPICIOUS_MOVE = YES;
				CLANG_WARN_UNGUARDED_AVAILABILITY = YES_AGGRESSIVE;
				CLANG_WARN_UNREACHABLE_CODE = YES;
				CLANG_WARN__DUPLICATE_METHOD_MATCH = YES;
				COPY_PHASE_STRIP = NO;
				DEBUG_INFORMATION_FORMAT = "dwarf-with-dsym";
				ENABLE_NS_ASSERTIONS = NO;
				ENABLE_STRICT_OBJC_MSGSEND = YES;
				ENABLE_USER_SCRIPT_SANDBOXING = YES;
				GCC_C_LANGUAGE_STANDARD = gnu17;
				GCC_NO_COMMON_BLOCKS = YES;
				GCC_WARN_64_TO_32_BIT_CONVERSION = YES;
				GCC_WARN_ABOUT_RETURN_TYPE = YES_ERROR;
				GCC_WARN_UNDECLARED_SELECTOR = YES;
				GCC_WARN_UNINITIALIZED_AUTOS = YES_AGGRESSIVE;
				GCC_WARN_UNUSED_FUNCTION = YES;
				GCC_WARN_UNUSED_VARIABLE = YES;
				IPHONEOS_DEPLOYMENT_TARGET = 17.4;
				LOCALIZATION_PREFERS_STRING_CATALOGS = YES;
				MTL_ENABLE_DEBUG_INFO = NO;
				MTL_FAST_MATH = YES;
				SDKROOT = iphoneos;
				SWIFT_COMPILATION_MODE = wholemodule;
				VALIDATE_PRODUCT = YES;
			};
			name = Release;
		};
		B73028C32C1361D300989FA6 /* Debug */ = {
			isa = XCBuildConfiguration;
			buildSettings = {
				ASSETCATALOG_COMPILER_APPICON_NAME = AppIcon;
				ASSETCATALOG_COMPILER_GLOBAL_ACCENT_COLOR_NAME = AccentColor;
				CODE_SIGN_STYLE = Automatic;
				CURRENT_PROJECT_VERSION = 1;
				GENERATE_INFOPLIST_FILE = YES;
				INFOPLIST_FILE = LearningAppCoreDataInMemoryUIKit/Info.plist;
				INFOPLIST_KEY_UIApplicationSupportsIndirectInputEvents = YES;
				INFOPLIST_KEY_UILaunchStoryboardName = LaunchScreen;
				INFOPLIST_KEY_UIMainStoryboardFile = Main;
				INFOPLIST_KEY_UISupportedInterfaceOrientations_iPad = "UIInterfaceOrientationPortrait UIInterfaceOrientationPortraitUpsideDown UIInterfaceOrientationLandscapeLeft UIInterfaceOrientationLandscapeRight";
				INFOPLIST_KEY_UISupportedInterfaceOrientations_iPhone = "UIInterfaceOrientationPortrait UIInterfaceOrientationLandscapeLeft UIInterfaceOrientationLandscapeRight";
				LD_RUNPATH_SEARCH_PATHS = (
					"$(inherited)",
					"@executable_path/Frameworks",
				);
				MARKETING_VERSION = 1.0;
				PRODUCT_BUNDLE_IDENTIFIER = com.saurabh.LearningAppCoreDataInMemoryUIKit;
				PRODUCT_NAME = "$(TARGET_NAME)";
				SWIFT_EMIT_LOC_STRINGS = YES;
				SWIFT_VERSION = 5.0;
				TARGETED_DEVICE_FAMILY = "1,2";
			};
			name = Debug;
		};
		B73028C42C1361D300989FA6 /* Release */ = {
			isa = XCBuildConfiguration;
			buildSettings = {
				ASSETCATALOG_COMPILER_APPICON_NAME = AppIcon;
				ASSETCATALOG_COMPILER_GLOBAL_ACCENT_COLOR_NAME = AccentColor;
				CODE_SIGN_STYLE = Automatic;
				CURRENT_PROJECT_VERSION = 1;
				GENERATE_INFOPLIST_FILE = YES;
				INFOPLIST_FILE = LearningAppCoreDataInMemoryUIKit/Info.plist;
				INFOPLIST_KEY_UIApplicationSupportsIndirectInputEvents = YES;
				INFOPLIST_KEY_UILaunchStoryboardName = LaunchScreen;
				INFOPLIST_KEY_UIMainStoryboardFile = Main;
				INFOPLIST_KEY_UISupportedInterfaceOrientations_iPad = "UIInterfaceOrientationPortrait UIInterfaceOrientationPortraitUpsideDown UIInterfaceOrientationLandscapeLeft UIInterfaceOrientationLandscapeRight";
				INFOPLIST_KEY_UISupportedInterfaceOrientations_iPhone = "UIInterfaceOrientationPortrait UIInterfaceOrientationLandscapeLeft UIInterfaceOrientationLandscapeRight";
				LD_RUNPATH_SEARCH_PATHS = (
					"$(inherited)",
					"@executable_path/Frameworks",
				);
				MARKETING_VERSION = 1.0;
				PRODUCT_BUNDLE_IDENTIFIER = com.saurabh.LearningAppCoreDataInMemoryUIKit;
				PRODUCT_NAME = "$(TARGET_NAME)";
				SWIFT_EMIT_LOC_STRINGS = YES;
				SWIFT_VERSION = 5.0;
				TARGETED_DEVICE_FAMILY = "1,2";
			};
			name = Release;
		};
		B73028C62C1361D300989FA6 /* Debug */ = {
			isa = XCBuildConfiguration;
			buildSettings = {
				ALWAYS_EMBED_SWIFT_STANDARD_LIBRARIES = YES;
				BUNDLE_LOADER = "$(TEST_HOST)";
				CODE_SIGN_STYLE = Automatic;
				CURRENT_PROJECT_VERSION = 1;
				GENERATE_INFOPLIST_FILE = YES;
				IPHONEOS_DEPLOYMENT_TARGET = 17.4;
				MARKETING_VERSION = 1.0;
				PRODUCT_BUNDLE_IDENTIFIER = com.saurabh.LearningAppCoreDataInMemoryUIKitTests;
				PRODUCT_NAME = "$(TARGET_NAME)";
				SWIFT_EMIT_LOC_STRINGS = NO;
				SWIFT_VERSION = 5.0;
				TARGETED_DEVICE_FAMILY = "1,2";
				TEST_HOST = "$(BUILT_PRODUCTS_DIR)/LearningAppCoreDataInMemoryUIKit.app/$(BUNDLE_EXECUTABLE_FOLDER_PATH)/LearningAppCoreDataInMemoryUIKit";
			};
			name = Debug;
		};
		B73028C72C1361D300989FA6 /* Release */ = {
			isa = XCBuildConfiguration;
			buildSettings = {
				ALWAYS_EMBED_SWIFT_STANDARD_LIBRARIES = YES;
				BUNDLE_LOADER = "$(TEST_HOST)";
				CODE_SIGN_STYLE = Automatic;
				CURRENT_PROJECT_VERSION = 1;
				GENERATE_INFOPLIST_FILE = YES;
				IPHONEOS_DEPLOYMENT_TARGET = 17.4;
				MARKETING_VERSION = 1.0;
				PRODUCT_BUNDLE_IDENTIFIER = com.saurabh.LearningAppCoreDataInMemoryUIKitTests;
				PRODUCT_NAME = "$(TARGET_NAME)";
				SWIFT_EMIT_LOC_STRINGS = NO;
				SWIFT_VERSION = 5.0;
				TARGETED_DEVICE_FAMILY = "1,2";
				TEST_HOST = "$(BUILT_PRODUCTS_DIR)/LearningAppCoreDataInMemoryUIKit.app/$(BUNDLE_EXECUTABLE_FOLDER_PATH)/LearningAppCoreDataInMemoryUIKit";
			};
			name = Release;
		};
		B73028C92C1361D300989FA6 /* Debug */ = {
			isa = XCBuildConfiguration;
			buildSettings = {
				ALWAYS_EMBED_SWIFT_STANDARD_LIBRARIES = YES;
				CODE_SIGN_STYLE = Automatic;
				CURRENT_PROJECT_VERSION = 1;
				GENERATE_INFOPLIST_FILE = YES;
				MARKETING_VERSION = 1.0;
				PRODUCT_BUNDLE_IDENTIFIER = com.saurabh.LearningAppCoreDataInMemoryUIKitUITests;
				PRODUCT_NAME = "$(TARGET_NAME)";
				SWIFT_EMIT_LOC_STRINGS = NO;
				SWIFT_VERSION = 5.0;
				TARGETED_DEVICE_FAMILY = "1,2";
				TEST_TARGET_NAME = LearningAppCoreDataInMemoryUIKit;
			};
			name = Debug;
		};
		B73028CA2C1361D300989FA6 /* Release */ = {
			isa = XCBuildConfiguration;
			buildSettings = {
				ALWAYS_EMBED_SWIFT_STANDARD_LIBRARIES = YES;
				CODE_SIGN_STYLE = Automatic;
				CURRENT_PROJECT_VERSION = 1;
				GENERATE_INFOPLIST_FILE = YES;
				MARKETING_VERSION = 1.0;
				PRODUCT_BUNDLE_IDENTIFIER = com.saurabh.LearningAppCoreDataInMemoryUIKitUITests;
				PRODUCT_NAME = "$(TARGET_NAME)";
				SWIFT_EMIT_LOC_STRINGS = NO;
				SWIFT_VERSION = 5.0;
				TARGETED_DEVICE_FAMILY = "1,2";
				TEST_TARGET_NAME = LearningAppCoreDataInMemoryUIKit;
			};
			name = Release;
		};
/* End XCBuildConfiguration section */

/* Begin XCConfigurationList section */
		B73028902C1361D200989FA6 /* Build configuration list for PBXProject "LearningAppCoreDataInMemoryUIKit" */ = {
			isa = XCConfigurationList;
			buildConfigurations = (
				B73028C02C1361D300989FA6 /* Debug */,
				B73028C12C1361D300989FA6 /* Release */,
			);
			defaultConfigurationIsVisible = 0;
			defaultConfigurationName = Release;
		};
		B73028C22C1361D300989FA6 /* Build configuration list for PBXNativeTarget "LearningAppCoreDataInMemoryUIKit" */ = {
			isa = XCConfigurationList;
			buildConfigurations = (
				B73028C32C1361D300989FA6 /* Debug */,
				B73028C42C1361D300989FA6 /* Release */,
			);
			defaultConfigurationIsVisible = 0;
			defaultConfigurationName = Release;
		};
		B73028C52C1361D300989FA6 /* Build configuration list for PBXNativeTarget "LearningAppCoreDataInMemoryUIKitTests" */ = {
			isa = XCConfigurationList;
			buildConfigurations = (
				B73028C62C1361D300989FA6 /* Debug */,
				B73028C72C1361D300989FA6 /* Release */,
			);
			defaultConfigurationIsVisible = 0;
			defaultConfigurationName = Release;
		};
		B73028C82C1361D300989FA6 /* Build configuration list for PBXNativeTarget "LearningAppCoreDataInMemoryUIKitUITests" */ = {
			isa = XCConfigurationList;
			buildConfigurations = (
				B73028C92C1361D300989FA6 /* Debug */,
				B73028CA2C1361D300989FA6 /* Release */,
			);
			defaultConfigurationIsVisible = 0;
			defaultConfigurationName = Release;
		};
/* End XCConfigurationList section */

/* Begin XCVersionGroup section */
		B73028A12C1361D200989FA6 /* LearningAppCoreDataInMemoryUIKit.xcdatamodeld */ = {
			isa = XCVersionGroup;
			children = (
				B73028A22C1361D200989FA6 /* LearningAppCoreDataInMemoryUIKit.xcdatamodel */,
			);
			currentVersion = B73028A22C1361D200989FA6 /* LearningAppCoreDataInMemoryUIKit.xcdatamodel */;
			path = LearningAppCoreDataInMemoryUIKit.xcdatamodeld;
			sourceTree = "<group>";
			versionGroupType = wrapper.xcdatamodel;
		};
/* End XCVersionGroup section */
	};
	rootObject = B730288D2C1361D200989FA6 /* Project object */;
}
