// !$*UTF8*$!
{
	archiveVersion = 1;
	classes = {
	};
	objectVersion = 56;
	objects = {

/* Begin PBXBuildFile section */
		B7BCB1C62C73A5B100857C60 /* ColorOption.swift in Sources */ = {isa = PBXBuildFile; fileRef = B7BCB1C52C73A5B100857C60 /* ColorOption.swift */; };
		B7DCBF452C6B72B400A03185 /* LearningAppiPadSwiftUIApp.swift in Sources */ = {isa = PBXBuildFile; fileRef = B7DCBF442C6B72B400A03185 /* LearningAppiPadSwiftUIApp.swift */; };
		B7DCBF472C6B72B400A03185 /* ContentView.swift in Sources */ = {isa = PBXBuildFile; fileRef = B7DCBF462C6B72B400A03185 /* ContentView.swift */; };
		B7DCBF492C6B72B500A03185 /* Assets.xcassets in Resources */ = {isa = PBXBuildFile; fileRef = B7DCBF482C6B72B500A03185 /* Assets.xcassets */; };
		B7DCBF4C2C6B72B500A03185 /* Preview Assets.xcassets in Resources */ = {isa = PBXBuildFile; fileRef = B7DCBF4B2C6B72B500A03185 /* Preview Assets.xcassets */; };
		B7DCBF562C6B72B500A03185 /* LearningAppiPadSwiftUITests.swift in Sources */ = {isa = PBXBuildFile; fileRef = B7DCBF552C6B72B500A03185 /* LearningAppiPadSwiftUITests.swift */; };
		B7DCBF602C6B72B500A03185 /* LearningAppiPadSwiftUIUITests.swift in Sources */ = {isa = PBXBuildFile; fileRef = B7DCBF5F2C6B72B500A03185 /* LearningAppiPadSwiftUIUITests.swift */; };
		B7DCBF622C6B72B500A03185 /* LearningAppiPadSwiftUIUITestsLaunchTests.swift in Sources */ = {isa = PBXBuildFile; fileRef = B7DCBF612C6B72B500A03185 /* LearningAppiPadSwiftUIUITestsLaunchTests.swift */; };
/* End PBXBuildFile section */

/* Begin PBXContainerItemProxy section */
		B7DCBF522C6B72B500A03185 /* PBXContainerItemProxy */ = {
			isa = PBXContainerItemProxy;
			containerPortal = B7DCBF392C6B72B400A03185 /* Project object */;
			proxyType = 1;
			remoteGlobalIDString = B7DCBF402C6B72B400A03185;
			remoteInfo = LearningAppiPadSwiftUI;
		};
		B7DCBF5C2C6B72B500A03185 /* PBXContainerItemProxy */ = {
			isa = PBXContainerItemProxy;
			containerPortal = B7DCBF392C6B72B400A03185 /* Project object */;
			proxyType = 1;
			remoteGlobalIDString = B7DCBF402C6B72B400A03185;
			remoteInfo = LearningAppiPadSwiftUI;
		};
/* End PBXContainerItemProxy section */

/* Begin PBXFileReference section */
		B7BCB1C52C73A5B100857C60 /* ColorOption.swift */ = {isa = PBXFileReference; lastKnownFileType = sourcecode.swift; path = ColorOption.swift; sourceTree = "<group>"; };
		B7DCBF412C6B72B400A03185 /* LearningAppiPadSwiftUI.app */ = {isa = PBXFileReference; explicitFileType = wrapper.application; includeInIndex = 0; path = LearningAppiPadSwiftUI.app; sourceTree = BUILT_PRODUCTS_DIR; };
		B7DCBF442C6B72B400A03185 /* LearningAppiPadSwiftUIApp.swift */ = {isa = PBXFileReference; lastKnownFileType = sourcecode.swift; path = LearningAppiPadSwiftUIApp.swift; sourceTree = "<group>"; };
		B7DCBF462C6B72B400A03185 /* ContentView.swift */ = {isa = PBXFileReference; lastKnownFileType = sourcecode.swift; path = ContentView.swift; sourceTree = "<group>"; };
		B7DCBF482C6B72B500A03185 /* Assets.xcassets */ = {isa = PBXFileReference; lastKnownFileType = folder.assetcatalog; path = Assets.xcassets; sourceTree = "<group>"; };
		B7DCBF4B2C6B72B500A03185 /* Preview Assets.xcassets */ = {isa = PBXFileReference; lastKnownFileType = folder.assetcatalog; path = "Preview Assets.xcassets"; sourceTree = "<group>"; };
		B7DCBF512C6B72B500A03185 /* LearningAppiPadSwiftUITests.xctest */ = {isa = PBXFileReference; explicitFileType = wrapper.cfbundle; includeInIndex = 0; path = LearningAppiPadSwiftUITests.xctest; sourceTree = BUILT_PRODUCTS_DIR; };
		B7DCBF552C6B72B500A03185 /* LearningAppiPadSwiftUITests.swift */ = {isa = PBXFileReference; lastKnownFileType = sourcecode.swift; path = LearningAppiPadSwiftUITests.swift; sourceTree = "<group>"; };
		B7DCBF5B2C6B72B500A03185 /* LearningAppiPadSwiftUIUITests.xctest */ = {isa = PBXFileReference; explicitFileType = wrapper.cfbundle; includeInIndex = 0; path = LearningAppiPadSwiftUIUITests.xctest; sourceTree = BUILT_PRODUCTS_DIR; };
		B7DCBF5F2C6B72B500A03185 /* LearningAppiPadSwiftUIUITests.swift */ = {isa = PBXFileReference; lastKnownFileType = sourcecode.swift; path = LearningAppiPadSwiftUIUITests.swift; sourceTree = "<group>"; };
		B7DCBF612C6B72B500A03185 /* LearningAppiPadSwiftUIUITestsLaunchTests.swift */ = {isa = PBXFileReference; lastKnownFileType = sourcecode.swift; path = LearningAppiPadSwiftUIUITestsLaunchTests.swift; sourceTree = "<group>"; };
/* End PBXFileReference section */

/* Begin PBXFrameworksBuildPhase section */
		B7DCBF3E2C6B72B400A03185 /* Frameworks */ = {
			isa = PBXFrameworksBuildPhase;
			buildActionMask = 2147483647;
			files = (
			);
			runOnlyForDeploymentPostprocessing = 0;
		};
		B7DCBF4E2C6B72B500A03185 /* Frameworks */ = {
			isa = PBXFrameworksBuildPhase;
			buildActionMask = 2147483647;
			files = (
			);
			runOnlyForDeploymentPostprocessing = 0;
		};
		B7DCBF582C6B72B500A03185 /* Frameworks */ = {
			isa = PBXFrameworksBuildPhase;
			buildActionMask = 2147483647;
			files = (
			);
			runOnlyForDeploymentPostprocessing = 0;
		};
/* End PBXFrameworksBuildPhase section */

/* Begin PBXGroup section */
		B7BCB1C42C73A58F00857C60 /* Common */ = {
			isa = PBXGroup;
			children = (
				B7BCB1C52C73A5B100857C60 /* ColorOption.swift */,
			);
			path = Common;
			sourceTree = "<group>";
		};
		B7DCBF382C6B72B400A03185 = {
			isa = PBXGroup;
			children = (
				B7DCBF432C6B72B400A03185 /* LearningAppiPadSwiftUI */,
				B7DCBF542C6B72B500A03185 /* LearningAppiPadSwiftUITests */,
				B7DCBF5E2C6B72B500A03185 /* LearningAppiPadSwiftUIUITests */,
				B7DCBF422C6B72B400A03185 /* Products */,
			);
			sourceTree = "<group>";
		};
		B7DCBF422C6B72B400A03185 /* Products */ = {
			isa = PBXGroup;
			children = (
				B7DCBF412C6B72B400A03185 /* LearningAppiPadSwiftUI.app */,
				B7DCBF512C6B72B500A03185 /* LearningAppiPadSwiftUITests.xctest */,
				B7DCBF5B2C6B72B500A03185 /* LearningAppiPadSwiftUIUITests.xctest */,
			);
			name = Products;
			sourceTree = "<group>";
		};
		B7DCBF432C6B72B400A03185 /* LearningAppiPadSwiftUI */ = {
			isa = PBXGroup;
			children = (
				B7BCB1C42C73A58F00857C60 /* Common */,
				B7DCBF442C6B72B400A03185 /* LearningAppiPadSwiftUIApp.swift */,
				B7DCBF462C6B72B400A03185 /* ContentView.swift */,
				B7DCBF482C6B72B500A03185 /* Assets.xcassets */,
				B7DCBF4A2C6B72B500A03185 /* Preview Content */,
			);
			path = LearningAppiPadSwiftUI;
			sourceTree = "<group>";
		};
		B7DCBF4A2C6B72B500A03185 /* Preview Content */ = {
			isa = PBXGroup;
			children = (
				B7DCBF4B2C6B72B500A03185 /* Preview Assets.xcassets */,
			);
			path = "Preview Content";
			sourceTree = "<group>";
		};
		B7DCBF542C6B72B500A03185 /* LearningAppiPadSwiftUITests */ = {
			isa = PBXGroup;
			children = (
				B7DCBF552C6B72B500A03185 /* LearningAppiPadSwiftUITests.swift */,
			);
			path = LearningAppiPadSwiftUITests;
			sourceTree = "<group>";
		};
		B7DCBF5E2C6B72B500A03185 /* LearningAppiPadSwiftUIUITests */ = {
			isa = PBXGroup;
			children = (
				B7DCBF5F2C6B72B500A03185 /* LearningAppiPadSwiftUIUITests.swift */,
				B7DCBF612C6B72B500A03185 /* LearningAppiPadSwiftUIUITestsLaunchTests.swift */,
			);
			path = LearningAppiPadSwiftUIUITests;
			sourceTree = "<group>";
		};
/* End PBXGroup section */

/* Begin PBXNativeTarget section */
		B7DCBF402C6B72B400A03185 /* LearningAppiPadSwiftUI */ = {
			isa = PBXNativeTarget;
			buildConfigurationList = B7DCBF652C6B72B500A03185 /* Build configuration list for PBXNativeTarget "LearningAppiPadSwiftUI" */;
			buildPhases = (
				B7DCBF3D2C6B72B400A03185 /* Sources */,
				B7DCBF3E2C6B72B400A03185 /* Frameworks */,
				B7DCBF3F2C6B72B400A03185 /* Resources */,
			);
			buildRules = (
			);
			dependencies = (
			);
			name = LearningAppiPadSwiftUI;
			productName = LearningAppiPadSwiftUI;
			productReference = B7DCBF412C6B72B400A03185 /* LearningAppiPadSwiftUI.app */;
			productType = "com.apple.product-type.application";
		};
		B7DCBF502C6B72B500A03185 /* LearningAppiPadSwiftUITests */ = {
			isa = PBXNativeTarget;
			buildConfigurationList = B7DCBF682C6B72B500A03185 /* Build configuration list for PBXNativeTarget "LearningAppiPadSwiftUITests" */;
			buildPhases = (
				B7DCBF4D2C6B72B500A03185 /* Sources */,
				B7DCBF4E2C6B72B500A03185 /* Frameworks */,
				B7DCBF4F2C6B72B500A03185 /* Resources */,
			);
			buildRules = (
			);
			dependencies = (
				B7DCBF532C6B72B500A03185 /* PBXTargetDependency */,
			);
			name = LearningAppiPadSwiftUITests;
			productName = LearningAppiPadSwiftUITests;
			productReference = B7DCBF512C6B72B500A03185 /* LearningAppiPadSwiftUITests.xctest */;
			productType = "com.apple.product-type.bundle.unit-test";
		};
		B7DCBF5A2C6B72B500A03185 /* LearningAppiPadSwiftUIUITests */ = {
			isa = PBXNativeTarget;
			buildConfigurationList = B7DCBF6B2C6B72B500A03185 /* Build configuration list for PBXNativeTarget "LearningAppiPadSwiftUIUITests" */;
			buildPhases = (
				B7DCBF572C6B72B500A03185 /* Sources */,
				B7DCBF582C6B72B500A03185 /* Frameworks */,
				B7DCBF592C6B72B500A03185 /* Resources */,
			);
			buildRules = (
			);
			dependencies = (
				B7DCBF5D2C6B72B500A03185 /* PBXTargetDependency */,
			);
			name = LearningAppiPadSwiftUIUITests;
			productName = LearningAppiPadSwiftUIUITests;
			productReference = B7DCBF5B2C6B72B500A03185 /* LearningAppiPadSwiftUIUITests.xctest */;
			productType = "com.apple.product-type.bundle.ui-testing";
		};
/* End PBXNativeTarget section */

/* Begin PBXProject section */
		B7DCBF392C6B72B400A03185 /* Project object */ = {
			isa = PBXProject;
			attributes = {
				BuildIndependentTargetsInParallel = 1;
				LastSwiftUpdateCheck = 1530;
				LastUpgradeCheck = 1530;
				TargetAttributes = {
					B7DCBF402C6B72B400A03185 = {
						CreatedOnToolsVersion = 15.3;
					};
					B7DCBF502C6B72B500A03185 = {
						CreatedOnToolsVersion = 15.3;
						TestTargetID = B7DCBF402C6B72B400A03185;
					};
					B7DCBF5A2C6B72B500A03185 = {
						CreatedOnToolsVersion = 15.3;
						TestTargetID = B7DCBF402C6B72B400A03185;
					};
				};
			};
			buildConfigurationList = B7DCBF3C2C6B72B400A03185 /* Build configuration list for PBXProject "LearningAppiPadSwiftUI" */;
			compatibilityVersion = "Xcode 14.0";
			developmentRegion = en;
			hasScannedForEncodings = 0;
			knownRegions = (
				en,
				Base,
			);
			mainGroup = B7DCBF382C6B72B400A03185;
			productRefGroup = B7DCBF422C6B72B400A03185 /* Products */;
			projectDirPath = "";
			projectRoot = "";
			targets = (
				B7DCBF402C6B72B400A03185 /* LearningAppiPadSwiftUI */,
				B7DCBF502C6B72B500A03185 /* LearningAppiPadSwiftUITests */,
				B7DCBF5A2C6B72B500A03185 /* LearningAppiPadSwiftUIUITests */,
			);
		};
/* End PBXProject section */

/* Begin PBXResourcesBuildPhase section */
		B7DCBF3F2C6B72B400A03185 /* Resources */ = {
			isa = PBXResourcesBuildPhase;
			buildActionMask = 2147483647;
			files = (
				B7DCBF4C2C6B72B500A03185 /* Preview Assets.xcassets in Resources */,
				B7DCBF492C6B72B500A03185 /* Assets.xcassets in Resources */,
			);
			runOnlyForDeploymentPostprocessing = 0;
		};
		B7DCBF4F2C6B72B500A03185 /* Resources */ = {
			isa = PBXResourcesBuildPhase;
			buildActionMask = 2147483647;
			files = (
			);
			runOnlyForDeploymentPostprocessing = 0;
		};
		B7DCBF592C6B72B500A03185 /* Resources */ = {
			isa = PBXResourcesBuildPhase;
			buildActionMask = 2147483647;
			files = (
			);
			runOnlyForDeploymentPostprocessing = 0;
		};
/* End PBXResourcesBuildPhase section */

/* Begin PBXSourcesBuildPhase section */
		B7DCBF3D2C6B72B400A03185 /* Sources */ = {
			isa = PBXSourcesBuildPhase;
			buildActionMask = 2147483647;
			files = (
				B7DCBF472C6B72B400A03185 /* ContentView.swift in Sources */,
				B7DCBF452C6B72B400A03185 /* LearningAppiPadSwiftUIApp.swift in Sources */,
				B7BCB1C62C73A5B100857C60 /* ColorOption.swift in Sources */,
			);
			runOnlyForDeploymentPostprocessing = 0;
		};
		B7DCBF4D2C6B72B500A03185 /* Sources */ = {
			isa = PBXSourcesBuildPhase;
			buildActionMask = 2147483647;
			files = (
				B7DCBF562C6B72B500A03185 /* LearningAppiPadSwiftUITests.swift in Sources */,
			);
			runOnlyForDeploymentPostprocessing = 0;
		};
		B7DCBF572C6B72B500A03185 /* Sources */ = {
			isa = PBXSourcesBuildPhase;
			buildActionMask = 2147483647;
			files = (
				B7DCBF622C6B72B500A03185 /* LearningAppiPadSwiftUIUITestsLaunchTests.swift in Sources */,
				B7DCBF602C6B72B500A03185 /* LearningAppiPadSwiftUIUITests.swift in Sources */,
			);
			runOnlyForDeploymentPostprocessing = 0;
		};
/* End PBXSourcesBuildPhase section */

/* Begin PBXTargetDependency section */
		B7DCBF532C6B72B500A03185 /* PBXTargetDependency */ = {
			isa = PBXTargetDependency;
			target = B7DCBF402C6B72B400A03185 /* LearningAppiPadSwiftUI */;
			targetProxy = B7DCBF522C6B72B500A03185 /* PBXContainerItemProxy */;
		};
		B7DCBF5D2C6B72B500A03185 /* PBXTargetDependency */ = {
			isa = PBXTargetDependency;
			target = B7DCBF402C6B72B400A03185 /* LearningAppiPadSwiftUI */;
			targetProxy = B7DCBF5C2C6B72B500A03185 /* PBXContainerItemProxy */;
		};
/* End PBXTargetDependency section */

/* Begin XCBuildConfiguration section */
		B7DCBF632C6B72B500A03185 /* Debug */ = {
			isa = XCBuildConfiguration;
			buildSettings = {
				ALWAYS_SEARCH_USER_PATHS = NO;
				ASSETCATALOG_COMPILER_GENERATE_SWIFT_ASSET_SYMBOL_EXTENSIONS = YES;
				CLANG_ANALYZER_NONNULL = YES;
				CLANG_ANALYZER_NUMBER_OBJECT_CONVERSION = YES_AGGRESSIVE;
				CLANG_CXX_LANGUAGE_STANDARD = "gnu++20";
				CLANG_ENABLE_MODULES = YES;
				CLANG_ENABLE_OBJC_ARC = YES;
				CLANG_ENABLE_OBJC_WEAK = YES;
				CLANG_WARN_BLOCK_CAPTURE_AUTORELEASING = YES;
				CLANG_WARN_BOOL_CONVERSION = YES;
				CLANG_WARN_COMMA = YES;
				CLANG_WARN_CONSTANT_CONVERSION = YES;
				CLANG_WARN_DEPRECATED_OBJC_IMPLEMENTATIONS = YES;
				CLANG_WARN_DIRECT_OBJC_ISA_USAGE = YES_ERROR;
				CLANG_WARN_DOCUMENTATION_COMMENTS = YES;
				CLANG_WARN_EMPTY_BODY = YES;
				CLANG_WARN_ENUM_CONVERSION = YES;
				CLANG_WARN_INFINITE_RECURSION = YES;
				CLANG_WARN_INT_CONVERSION = YES;
				CLANG_WARN_NON_LITERAL_NULL_CONVERSION = YES;
				CLANG_WARN_OBJC_IMPLICIT_RETAIN_SELF = YES;
				CLANG_WARN_OBJC_LITERAL_CONVERSION = YES;
				CLANG_WARN_OBJC_ROOT_CLASS = YES_ERROR;
				CLANG_WARN_QUOTED_INCLUDE_IN_FRAMEWORK_HEADER = YES;
				CLANG_WARN_RANGE_LOOP_ANALYSIS = YES;
				CLANG_WARN_STRICT_PROTOTYPES = YES;
				CLANG_WARN_SUSPICIOUS_MOVE = YES;
				CLANG_WARN_UNGUARDED_AVAILABILITY = YES_AGGRESSIVE;
				CLANG_WARN_UNREACHABLE_CODE = YES;
				CLANG_WARN__DUPLICATE_METHOD_MATCH = YES;
				COPY_PHASE_STRIP = NO;
				DEBUG_INFORMATION_FORMAT = dwarf;
				ENABLE_STRICT_OBJC_MSGSEND = YES;
				ENABLE_TESTABILITY = YES;
				ENABLE_USER_SCRIPT_SANDBOXING = YES;
				GCC_C_LANGUAGE_STANDARD = gnu17;
				GCC_DYNAMIC_NO_PIC = NO;
				GCC_NO_COMMON_BLOCKS = YES;
				GCC_OPTIMIZATION_LEVEL = 0;
				GCC_PREPROCESSOR_DEFINITIONS = (
					"DEBUG=1",
					"$(inherited)",
				);
				GCC_WARN_64_TO_32_BIT_CONVERSION = YES;
				GCC_WARN_ABOUT_RETURN_TYPE = YES_ERROR;
				GCC_WARN_UNDECLARED_SELECTOR = YES;
				GCC_WARN_UNINITIALIZED_AUTOS = YES_AGGRESSIVE;
				GCC_WARN_UNUSED_FUNCTION = YES;
				GCC_WARN_UNUSED_VARIABLE = YES;
				IPHONEOS_DEPLOYMENT_TARGET = 17.4;
				LOCALIZATION_PREFERS_STRING_CATALOGS = YES;
				MTL_ENABLE_DEBUG_INFO = INCLUDE_SOURCE;
				MTL_FAST_MATH = YES;
				ONLY_ACTIVE_ARCH = YES;
				SDKROOT = iphoneos;
				SWIFT_ACTIVE_COMPILATION_CONDITIONS = "DEBUG $(inherited)";
				SWIFT_OPTIMIZATION_LEVEL = "-Onone";
			};
			name = Debug;
		};
		B7DCBF642C6B72B500A03185 /* Release */ = {
			isa = XCBuildConfiguration;
			buildSettings = {
				ALWAYS_SEARCH_USER_PATHS = NO;
				ASSETCATALOG_COMPILER_GENERATE_SWIFT_ASSET_SYMBOL_EXTENSIONS = YES;
				CLANG_ANALYZER_NONNULL = YES;
				CLANG_ANALYZER_NUMBER_OBJECT_CONVERSION = YES_AGGRESSIVE;
				CLANG_CXX_LANGUAGE_STANDARD = "gnu++20";
				CLANG_ENABLE_MODULES = YES;
				CLANG_ENABLE_OBJC_ARC = YES;
				CLANG_ENABLE_OBJC_WEAK = YES;
				CLANG_WARN_BLOCK_CAPTURE_AUTORELEASING = YES;
				CLANG_WARN_BOOL_CONVERSION = YES;
				CLANG_WARN_COMMA = YES;
				CLANG_WARN_CONSTANT_CONVERSION = YES;
				CLANG_WARN_DEPRECATED_OBJC_IMPLEMENTATIONS = YES;
				CLANG_WARN_DIRECT_OBJC_ISA_USAGE = YES_ERROR;
				CLANG_WARN_DOCUMENTATION_COMMENTS = YES;
				CLANG_WARN_EMPTY_BODY = YES;
				CLANG_WARN_ENUM_CONVERSION = YES;
				CLANG_WARN_INFINITE_RECURSION = YES;
				CLANG_WARN_INT_CONVERSION = YES;
				CLANG_WARN_NON_LITERAL_NULL_CONVERSION = YES;
				CLANG_WARN_OBJC_IMPLICIT_RETAIN_SELF = YES;
				CLANG_WARN_OBJC_LITERAL_CONVERSION = YES;
				CLANG_WARN_OBJC_ROOT_CLASS = YES_ERROR;
				CLANG_WARN_QUOTED_INCLUDE_IN_FRAMEWORK_HEADER = YES;
				CLANG_WARN_RANGE_LOOP_ANALYSIS = YES;
				CLANG_WARN_STRICT_PROTOTYPES = YES;
				CLANG_WARN_SUSPICIOUS_MOVE = YES;
				CLANG_WARN_UNGUARDED_AVAILABILITY = YES_AGGRESSIVE;
				CLANG_WARN_UNREACHABLE_CODE = YES;
				CLANG_WARN__DUPLICATE_METHOD_MATCH = YES;
				COPY_PHASE_STRIP = NO;
				DEBUG_INFORMATION_FORMAT = "dwarf-with-dsym";
				ENABLE_NS_ASSERTIONS = NO;
				ENABLE_STRICT_OBJC_MSGSEND = YES;
				ENABLE_USER_SCRIPT_SANDBOXING = YES;
				GCC_C_LANGUAGE_STANDARD = gnu17;
				GCC_NO_COMMON_BLOCKS = YES;
				GCC_WARN_64_TO_32_BIT_CONVERSION = YES;
				GCC_WARN_ABOUT_RETURN_TYPE = YES_ERROR;
				GCC_WARN_UNDECLARED_SELECTOR = YES;
				GCC_WARN_UNINITIALIZED_AUTOS = YES_AGGRESSIVE;
				GCC_WARN_UNUSED_FUNCTION = YES;
				GCC_WARN_UNUSED_VARIABLE = YES;
				IPHONEOS_DEPLOYMENT_TARGET = 17.4;
				LOCALIZATION_PREFERS_STRING_CATALOGS = YES;
				MTL_ENABLE_DEBUG_INFO = NO;
				MTL_FAST_MATH = YES;
				SDKROOT = iphoneos;
				SWIFT_COMPILATION_MODE = wholemodule;
				VALIDATE_PRODUCT = YES;
			};
			name = Release;
		};
		B7DCBF662C6B72B500A03185 /* Debug */ = {
			isa = XCBuildConfiguration;
			buildSettings = {
				ASSETCATALOG_COMPILER_APPICON_NAME = AppIcon;
				ASSETCATALOG_COMPILER_GLOBAL_ACCENT_COLOR_NAME = AccentColor;
				CODE_SIGN_STYLE = Automatic;
				CURRENT_PROJECT_VERSION = 1;
				DEVELOPMENT_ASSET_PATHS = "\"LearningAppiPadSwiftUI/Preview Content\"";
				ENABLE_PREVIEWS = YES;
				GENERATE_INFOPLIST_FILE = YES;
				INFOPLIST_KEY_UIApplicationSceneManifest_Generation = YES;
				INFOPLIST_KEY_UIApplicationSupportsIndirectInputEvents = YES;
				INFOPLIST_KEY_UILaunchScreen_Generation = YES;
				INFOPLIST_KEY_UISupportedInterfaceOrientations_iPad = "UIInterfaceOrientationPortrait UIInterfaceOrientationPortraitUpsideDown UIInterfaceOrientationLandscapeLeft UIInterfaceOrientationLandscapeRight";
				INFOPLIST_KEY_UISupportedInterfaceOrientations_iPhone = "UIInterfaceOrientationPortrait UIInterfaceOrientationLandscapeLeft UIInterfaceOrientationLandscapeRight";
				LD_RUNPATH_SEARCH_PATHS = (
					"$(inherited)",
					"@executable_path/Frameworks",
				);
				MARKETING_VERSION = 1.0;
				PRODUCT_BUNDLE_IDENTIFIER = com.saurabh.LearningAppiPadSwiftUI;
				PRODUCT_NAME = "$(TARGET_NAME)";
				SWIFT_EMIT_LOC_STRINGS = YES;
				SWIFT_VERSION = 5.0;
				TARGETED_DEVICE_FAMILY = "1,2";
			};
			name = Debug;
		};
		B7DCBF672C6B72B500A03185 /* Release */ = {
			isa = XCBuildConfiguration;
			buildSettings = {
				ASSETCATALOG_COMPILER_APPICON_NAME = AppIcon;
				ASSETCATALOG_COMPILER_GLOBAL_ACCENT_COLOR_NAME = AccentColor;
				CODE_SIGN_STYLE = Automatic;
				CURRENT_PROJECT_VERSION = 1;
				DEVELOPMENT_ASSET_PATHS = "\"LearningAppiPadSwiftUI/Preview Content\"";
				ENABLE_PREVIEWS = YES;
				GENERATE_INFOPLIST_FILE = YES;
				INFOPLIST_KEY_UIApplicationSceneManifest_Generation = YES;
				INFOPLIST_KEY_UIApplicationSupportsIndirectInputEvents = YES;
				INFOPLIST_KEY_UILaunchScreen_Generation = YES;
				INFOPLIST_KEY_UISupportedInterfaceOrientations_iPad = "UIInterfaceOrientationPortrait UIInterfaceOrientationPortraitUpsideDown UIInterfaceOrientationLandscapeLeft UIInterfaceOrientationLandscapeRight";
				INFOPLIST_KEY_UISupportedInterfaceOrientations_iPhone = "UIInterfaceOrientationPortrait UIInterfaceOrientationLandscapeLeft UIInterfaceOrientationLandscapeRight";
				LD_RUNPATH_SEARCH_PATHS = (
					"$(inherited)",
					"@executable_path/Frameworks",
				);
				MARKETING_VERSION = 1.0;
				PRODUCT_BUNDLE_IDENTIFIER = com.saurabh.LearningAppiPadSwiftUI;
				PRODUCT_NAME = "$(TARGET_NAME)";
				SWIFT_EMIT_LOC_STRINGS = YES;
				SWIFT_VERSION = 5.0;
				TARGETED_DEVICE_FAMILY = "1,2";
			};
			name = Release;
		};
		B7DCBF692C6B72B500A03185 /* Debug */ = {
			isa = XCBuildConfiguration;
			buildSettings = {
				ALWAYS_EMBED_SWIFT_STANDARD_LIBRARIES = YES;
				BUNDLE_LOADER = "$(TEST_HOST)";
				CODE_SIGN_STYLE = Automatic;
				CURRENT_PROJECT_VERSION = 1;
				GENERATE_INFOPLIST_FILE = YES;
				IPHONEOS_DEPLOYMENT_TARGET = 17.4;
				MARKETING_VERSION = 1.0;
				PRODUCT_BUNDLE_IDENTIFIER = com.saurabh.LearningAppiPadSwiftUITests;
				PRODUCT_NAME = "$(TARGET_NAME)";
				SWIFT_EMIT_LOC_STRINGS = NO;
				SWIFT_VERSION = 5.0;
				TARGETED_DEVICE_FAMILY = "1,2";
				TEST_HOST = "$(BUILT_PRODUCTS_DIR)/LearningAppiPadSwiftUI.app/$(BUNDLE_EXECUTABLE_FOLDER_PATH)/LearningAppiPadSwiftUI";
			};
			name = Debug;
		};
		B7DCBF6A2C6B72B500A03185 /* Release */ = {
			isa = XCBuildConfiguration;
			buildSettings = {
				ALWAYS_EMBED_SWIFT_STANDARD_LIBRARIES = YES;
				BUNDLE_LOADER = "$(TEST_HOST)";
				CODE_SIGN_STYLE = Automatic;
				CURRENT_PROJECT_VERSION = 1;
				GENERATE_INFOPLIST_FILE = YES;
				IPHONEOS_DEPLOYMENT_TARGET = 17.4;
				MARKETING_VERSION = 1.0;
				PRODUCT_BUNDLE_IDENTIFIER = com.saurabh.LearningAppiPadSwiftUITests;
				PRODUCT_NAME = "$(TARGET_NAME)";
				SWIFT_EMIT_LOC_STRINGS = NO;
				SWIFT_VERSION = 5.0;
				TARGETED_DEVICE_FAMILY = "1,2";
				TEST_HOST = "$(BUILT_PRODUCTS_DIR)/LearningAppiPadSwiftUI.app/$(BUNDLE_EXECUTABLE_FOLDER_PATH)/LearningAppiPadSwiftUI";
			};
			name = Release;
		};
		B7DCBF6C2C6B72B500A03185 /* Debug */ = {
			isa = XCBuildConfiguration;
			buildSettings = {
				ALWAYS_EMBED_SWIFT_STANDARD_LIBRARIES = YES;
				CODE_SIGN_STYLE = Automatic;
				CURRENT_PROJECT_VERSION = 1;
				GENERATE_INFOPLIST_FILE = YES;
				MARKETING_VERSION = 1.0;
				PRODUCT_BUNDLE_IDENTIFIER = com.saurabh.LearningAppiPadSwiftUIUITests;
				PRODUCT_NAME = "$(TARGET_NAME)";
				SWIFT_EMIT_LOC_STRINGS = NO;
				SWIFT_VERSION = 5.0;
				TARGETED_DEVICE_FAMILY = "1,2";
				TEST_TARGET_NAME = LearningAppiPadSwiftUI;
			};
			name = Debug;
		};
		B7DCBF6D2C6B72B500A03185 /* Release */ = {
			isa = XCBuildConfiguration;
			buildSettings = {
				ALWAYS_EMBED_SWIFT_STANDARD_LIBRARIES = YES;
				CODE_SIGN_STYLE = Automatic;
				CURRENT_PROJECT_VERSION = 1;
				GENERATE_INFOPLIST_FILE = YES;
				MARKETING_VERSION = 1.0;
				PRODUCT_BUNDLE_IDENTIFIER = com.saurabh.LearningAppiPadSwiftUIUITests;
				PRODUCT_NAME = "$(TARGET_NAME)";
				SWIFT_EMIT_LOC_STRINGS = NO;
				SWIFT_VERSION = 5.0;
				TARGETED_DEVICE_FAMILY = "1,2";
				TEST_TARGET_NAME = LearningAppiPadSwiftUI;
			};
			name = Release;
		};
/* End XCBuildConfiguration section */

/* Begin XCConfigurationList section */
		B7DCBF3C2C6B72B400A03185 /* Build configuration list for PBXProject "LearningAppiPadSwiftUI" */ = {
			isa = XCConfigurationList;
			buildConfigurations = (
				B7DCBF632C6B72B500A03185 /* Debug */,
				B7DCBF642C6B72B500A03185 /* Release */,
			);
			defaultConfigurationIsVisible = 0;
			defaultConfigurationName = Release;
		};
		B7DCBF652C6B72B500A03185 /* Build configuration list for PBXNativeTarget "LearningAppiPadSwiftUI" */ = {
			isa = XCConfigurationList;
			buildConfigurations = (
				B7DCBF662C6B72B500A03185 /* Debug */,
				B7DCBF672C6B72B500A03185 /* Release */,
			);
			defaultConfigurationIsVisible = 0;
			defaultConfigurationName = Release;
		};
		B7DCBF682C6B72B500A03185 /* Build configuration list for PBXNativeTarget "LearningAppiPadSwiftUITests" */ = {
			isa = XCConfigurationList;
			buildConfigurations = (
				B7DCBF692C6B72B500A03185 /* Debug */,
				B7DCBF6A2C6B72B500A03185 /* Release */,
			);
			defaultConfigurationIsVisible = 0;
			defaultConfigurationName = Release;
		};
		B7DCBF6B2C6B72B500A03185 /* Build configuration list for PBXNativeTarget "LearningAppiPadSwiftUIUITests" */ = {
			isa = XCConfigurationList;
			buildConfigurations = (
				B7DCBF6C2C6B72B500A03185 /* Debug */,
				B7DCBF6D2C6B72B500A03185 /* Release */,
			);
			defaultConfigurationIsVisible = 0;
			defaultConfigurationName = Release;
		};
/* End XCConfigurationList section */
	};
	rootObject = B7DCBF392C6B72B400A03185 /* Project object */;
}
